// !$*UTF8*$!
{
	archiveVersion = 1;
	classes = {
	};
	objectVersion = 46;
	objects = {

/* Begin PBXBuildFile section */
		751D05071BC804130035461E /* tianMao.png in Resources */ = {isa = PBXBuildFile; fileRef = 751D05061BC804130035461E /* tianMao.png */; };
		751D05091BC806F10035461E /* yixun.png in Resources */ = {isa = PBXBuildFile; fileRef = 751D05081BC806F10035461E /* yixun.png */; };
		751D050B1BC8088B0035461E /* weipin.png in Resources */ = {isa = PBXBuildFile; fileRef = 751D050A1BC8088B0035461E /* weipin.png */; };
		751D050D1BC8094C0035461E /* L1.png in Resources */ = {isa = PBXBuildFile; fileRef = 751D050C1BC8094C0035461E /* L1.png */; };
		751D050F1BC8095B0035461E /* L2.png in Resources */ = {isa = PBXBuildFile; fileRef = 751D050E1BC8095B0035461E /* L2.png */; };
		7521612D1BC69F37002FA236 /* MeViewController.m in Sources */ = {isa = PBXBuildFile; fileRef = 7521612C1BC69F37002FA236 /* MeViewController.m */; };
		75290A2D1EEB709400B3099E /* forward.png in Resources */ = {isa = PBXBuildFile; fileRef = 75290A2C1EEB709400B3099E /* forward.png */; };
		752D62591BC0C4B5000F77FF /* CompareViewController.m in Sources */ = {isa = PBXBuildFile; fileRef = 752D62581BC0C4B5000F77FF /* CompareViewController.m */; };
		752D625D1BC0D05E000F77FF /* GuideViewController.m in Sources */ = {isa = PBXBuildFile; fileRef = 752D625C1BC0D05E000F77FF /* GuideViewController.m */; };
		75561A8E1BC2268C00650B06 /* jd.png in Resources */ = {isa = PBXBuildFile; fileRef = 75561A8D1BC2268C00650B06 /* jd.png */; };
		75561A901BC2297400650B06 /* taobao.png in Resources */ = {isa = PBXBuildFile; fileRef = 75561A8F1BC2297400650B06 /* taobao.png */; };
		75561A921BC22A4100650B06 /* suning.png in Resources */ = {isa = PBXBuildFile; fileRef = 75561A911BC22A4100650B06 /* suning.png */; };
		75561A961BC272E100650B06 /* LaunchScreen.xib in Resources */ = {isa = PBXBuildFile; fileRef = 75561A951BC272E100650B06 /* LaunchScreen.xib */; };
		75561A9B1BC2744B00650B06 /* LDefault.png in Resources */ = {isa = PBXBuildFile; fileRef = 75561A9A1BC2744B00650B06 /* LDefault.png */; };
		75561A9F1BC2753F00650B06 /* L3.png in Resources */ = {isa = PBXBuildFile; fileRef = 75561A9C1BC2753F00650B06 /* L3.png */; };
		755E88DC1BD38B1C00C3D967 /* AnimationPauseViewController.m in Sources */ = {isa = PBXBuildFile; fileRef = 755E88DB1BD38B1C00C3D967 /* AnimationPauseViewController.m */; };
		755E88E41BD38CE600C3D967 /* glass.wav in Resources */ = {isa = PBXBuildFile; fileRef = 755E88DF1BD38CE600C3D967 /* glass.wav */; };
		755E88E51BD38CE600C3D967 /* Shake_01.png in Resources */ = {isa = PBXBuildFile; fileRef = 755E88E01BD38CE600C3D967 /* Shake_01.png */; };
		755E88E61BD38CE600C3D967 /* Shake_01@2x.png in Resources */ = {isa = PBXBuildFile; fileRef = 755E88E11BD38CE600C3D967 /* Shake_01@2x.png */; };
		755E88E71BD38CE600C3D967 /* Shake_02.png in Resources */ = {isa = PBXBuildFile; fileRef = 755E88E21BD38CE600C3D967 /* Shake_02.png */; };
		755E88E81BD38CE600C3D967 /* Shake_02@2x.png in Resources */ = {isa = PBXBuildFile; fileRef = 755E88E31BD38CE600C3D967 /* Shake_02@2x.png */; };
		755E88EB1BD38E8600C3D967 /* 更新背景2.png in Resources */ = {isa = PBXBuildFile; fileRef = 755E88E91BD38E8600C3D967 /* 更新背景2.png */; };
		755E88EC1BD38E8600C3D967 /* 更新背景2@2x.png in Resources */ = {isa = PBXBuildFile; fileRef = 755E88EA1BD38E8600C3D967 /* 更新背景2@2x.png */; };
		756206871BD90AB000259C42 /* BaseViewController.m in Sources */ = {isa = PBXBuildFile; fileRef = 756206861BD90AB000259C42 /* BaseViewController.m */; };
		756A4FBD1BDCA4DD0068A5C6 /* SettingTableViewController.m in Sources */ = {isa = PBXBuildFile; fileRef = 756A4FBC1BDCA4DD0068A5C6 /* SettingTableViewController.m */; };
		756A4FC11BDCCAB70068A5C6 /* MBProgressHUD.m in Sources */ = {isa = PBXBuildFile; fileRef = 756A4FC01BDCCAB70068A5C6 /* MBProgressHUD.m */; };
		756A4FC31BDCCDDC0068A5C6 /* 37x-Checkmark.png in Resources */ = {isa = PBXBuildFile; fileRef = 756A4FC21BDCCDDC0068A5C6 /* 37x-Checkmark.png */; };
		756C9CCE1BC93FAB0005DDDE /* Localizable.strings in Resources */ = {isa = PBXBuildFile; fileRef = 756C9CD01BC93FAB0005DDDE /* Localizable.strings */; };
		756C9CE11BC9494E0005DDDE /* InfoPlist.strings in Resources */ = {isa = PBXBuildFile; fileRef = 756C9CE31BC9494E0005DDDE /* InfoPlist.strings */; };
		756C9CED1BC955EA0005DDDE /* money.png in Resources */ = {isa = PBXBuildFile; fileRef = 756C9CEC1BC955EA0005DDDE /* money.png */; };
		756E0C601BE59EDA003CBF50 /* RegViewController.m in Sources */ = {isa = PBXBuildFile; fileRef = 756E0C5F1BE59EDA003CBF50 /* RegViewController.m */; };
		756E0C631BE59F03003CBF50 /* SectionsViewController.m in Sources */ = {isa = PBXBuildFile; fileRef = 756E0C621BE59F03003CBF50 /* SectionsViewController.m */; };
		756E0C661BE5A03F003CBF50 /* NSDictionary+DeepMutableCopy.m in Sources */ = {isa = PBXBuildFile; fileRef = 756E0C651BE5A03F003CBF50 /* NSDictionary+DeepMutableCopy.m */; };
		756E0C691BE5A153003CBF50 /* VerifyViewController.m in Sources */ = {isa = PBXBuildFile; fileRef = 756E0C681BE5A153003CBF50 /* VerifyViewController.m */; };
		756E0C741BE5A1C0003CBF50 /* SMS_HYZBadgeView.m in Sources */ = {isa = PBXBuildFile; fileRef = 756E0C6E1BE5A1C0003CBF50 /* SMS_HYZBadgeView.m */; };
		756E0C751BE5A1C0003CBF50 /* SMS_MBProgressHUD+Add.m in Sources */ = {isa = PBXBuildFile; fileRef = 756E0C701BE5A1C0003CBF50 /* SMS_MBProgressHUD+Add.m */; };
		756E0C761BE5A1C0003CBF50 /* SMS_MBProgressHUD.m in Sources */ = {isa = PBXBuildFile; fileRef = 756E0C721BE5A1C0003CBF50 /* SMS_MBProgressHUD.m */; };
		756E0C791BE5A6A6003CBF50 /* MainRegViewController.m in Sources */ = {isa = PBXBuildFile; fileRef = 756E0C781BE5A6A6003CBF50 /* MainRegViewController.m */; };
		756E0C7B1BE5A8F9003CBF50 /* smssdk.bundle in Resources */ = {isa = PBXBuildFile; fileRef = 756E0C7A1BE5A8F9003CBF50 /* smssdk.bundle */; };
		756E0C7E1BE5ACE7003CBF50 /* country.plist in Resources */ = {isa = PBXBuildFile; fileRef = 756E0C801BE5ACE7003CBF50 /* country.plist */; };
		75907F1F1BD6870F00529A28 /* iAd.framework in Frameworks */ = {isa = PBXBuildFile; fileRef = 75907F1E1BD6870F00529A28 /* iAd.framework */; };
		759C3F171BBF702C00BDFCFD /* main.m in Sources */ = {isa = PBXBuildFile; fileRef = 759C3F161BBF702C00BDFCFD /* main.m */; };
		759C3F1A1BBF702C00BDFCFD /* AppDelegate.m in Sources */ = {isa = PBXBuildFile; fileRef = 759C3F191BBF702C00BDFCFD /* AppDelegate.m */; };
		759C3F1D1BBF702C00BDFCFD /* ViewController.m in Sources */ = {isa = PBXBuildFile; fileRef = 759C3F1C1BBF702C00BDFCFD /* ViewController.m */; };
		759C3F201BBF702C00BDFCFD /* Main.storyboard in Resources */ = {isa = PBXBuildFile; fileRef = 759C3F1E1BBF702C00BDFCFD /* Main.storyboard */; };
		759C3F221BBF702C00BDFCFD /* Images.xcassets in Resources */ = {isa = PBXBuildFile; fileRef = 759C3F211BBF702C00BDFCFD /* Images.xcassets */; };
		759C3F311BBF702C00BDFCFD /* CompareTests.m in Sources */ = {isa = PBXBuildFile; fileRef = 759C3F301BBF702C00BDFCFD /* CompareTests.m */; };
		759C3F3D1BBF72D100BDFCFD /* BaseWebViewController.m in Sources */ = {isa = PBXBuildFile; fileRef = 759C3F3C1BBF72D100BDFCFD /* BaseWebViewController.m */; };
		759C3F411BBF772800BDFCFD /* Utility.m in Sources */ = {isa = PBXBuildFile; fileRef = 759C3F401BBF772800BDFCFD /* Utility.m */; };
		759C3F471BBF793B00BDFCFD /* MainViewController.m in Sources */ = {isa = PBXBuildFile; fileRef = 759C3F461BBF793B00BDFCFD /* MainViewController.m */; };
		759C3F4B1BBF79CC00BDFCFD /* RNFrostedSidebar.m in Sources */ = {isa = PBXBuildFile; fileRef = 759C3F4A1BBF79CC00BDFCFD /* RNFrostedSidebar.m */; };
		759C3F521BBF804500BDFCFD /* LeftViewController.m in Sources */ = {isa = PBXBuildFile; fileRef = 759C3F511BBF804500BDFCFD /* LeftViewController.m */; };
		759C3F551BBFA7F700BDFCFD /* TuanViewController.m in Sources */ = {isa = PBXBuildFile; fileRef = 759C3F541BBFA7F700BDFCFD /* TuanViewController.m */; };
		759C3F5B1BBFA8CC00BDFCFD /* JKPopMenuItem.m in Sources */ = {isa = PBXBuildFile; fileRef = 759C3F581BBFA8CC00BDFCFD /* JKPopMenuItem.m */; };
		759C3F5C1BBFA8CC00BDFCFD /* JKPopMenuView.m in Sources */ = {isa = PBXBuildFile; fileRef = 759C3F5A1BBFA8CC00BDFCFD /* JKPopMenuView.m */; };
		759C3F5F1BBFB56C00BDFCFD /* HomeButton.m in Sources */ = {isa = PBXBuildFile; fileRef = 759C3F5E1BBFB56C00BDFCFD /* HomeButton.m */; };
		759C3F6A1BBFBC8F00BDFCFD /* WangGouViewController.m in Sources */ = {isa = PBXBuildFile; fileRef = 759C3F691BBFBC8F00BDFCFD /* WangGouViewController.m */; };
		759C3F6E1BBFD12100BDFCFD /* UIImage+ImageEffects.m in Sources */ = {isa = PBXBuildFile; fileRef = 759C3F6D1BBFD12100BDFCFD /* UIImage+ImageEffects.m */; };
		759C3F811BBFD14600BDFCFD /* closeButtonGray.png in Resources */ = {isa = PBXBuildFile; fileRef = 759C3F701BBFD14600BDFCFD /* closeButtonGray.png */; };
		759C3F821BBFD14600BDFCFD /* closeButtonGray@2x.png in Resources */ = {isa = PBXBuildFile; fileRef = 759C3F711BBFD14600BDFCFD /* closeButtonGray@2x.png */; };
		759C3F831BBFD14600BDFCFD /* bgcircle.png in Resources */ = {isa = PBXBuildFile; fileRef = 759C3F721BBFD14600BDFCFD /* bgcircle.png */; };
		759C3F841BBFD14600BDFCFD /* bgcircle.pxm in Resources */ = {isa = PBXBuildFile; fileRef = 759C3F731BBFD14600BDFCFD /* bgcircle.pxm */; };
		759C3F851BBFD14600BDFCFD /* bgcircle@2x.png in Resources */ = {isa = PBXBuildFile; fileRef = 759C3F741BBFD14600BDFCFD /* bgcircle@2x.png */; };
		759C3F861BBFD14600BDFCFD /* camera.png in Resources */ = {isa = PBXBuildFile; fileRef = 759C3F751BBFD14600BDFCFD /* camera.png */; };
		759C3F871BBFD14600BDFCFD /* camera@2x.png in Resources */ = {isa = PBXBuildFile; fileRef = 759C3F761BBFD14600BDFCFD /* camera@2x.png */; };
		759C3F8A1BBFD14600BDFCFD /* phone.png in Resources */ = {isa = PBXBuildFile; fileRef = 759C3F791BBFD14600BDFCFD /* phone.png */; };
		759C3F8B1BBFD14600BDFCFD /* phone@2x.png in Resources */ = {isa = PBXBuildFile; fileRef = 759C3F7A1BBFD14600BDFCFD /* phone@2x.png */; };
		759C3F8C1BBFD14600BDFCFD /* star.png in Resources */ = {isa = PBXBuildFile; fileRef = 759C3F7B1BBFD14600BDFCFD /* star.png */; };
		759C3F8D1BBFD14600BDFCFD /* star@2x.png in Resources */ = {isa = PBXBuildFile; fileRef = 759C3F7C1BBFD14600BDFCFD /* star@2x.png */; };
		759C3F8E1BBFD14600BDFCFD /* tag.png in Resources */ = {isa = PBXBuildFile; fileRef = 759C3F7D1BBFD14600BDFCFD /* tag.png */; };
		759C3F8F1BBFD14600BDFCFD /* tag@2x.png in Resources */ = {isa = PBXBuildFile; fileRef = 759C3F7E1BBFD14600BDFCFD /* tag@2x.png */; };
		759C3F901BBFD14600BDFCFD /* voicemail.png in Resources */ = {isa = PBXBuildFile; fileRef = 759C3F7F1BBFD14600BDFCFD /* voicemail.png */; };
		759C3F911BBFD14600BDFCFD /* voicemail@2x.png in Resources */ = {isa = PBXBuildFile; fileRef = 759C3F801BBFD14600BDFCFD /* voicemail@2x.png */; };
		759C3F941BBFD15200BDFCFD /* SFSCircleLayout.m in Sources */ = {isa = PBXBuildFile; fileRef = 759C3F931BBFD15200BDFCFD /* SFSCircleLayout.m */; };
		759C3F971BBFD15C00BDFCFD /* SFSCollectionMenuController.m in Sources */ = {isa = PBXBuildFile; fileRef = 759C3F961BBFD15C00BDFCFD /* SFSCollectionMenuController.m */; };
		759C3F9A1BBFD18600BDFCFD /* SFSMenuCell.m in Sources */ = {isa = PBXBuildFile; fileRef = 759C3F991BBFD18600BDFCFD /* SFSMenuCell.m */; };
		759C3F9D1BBFD2B600BDFCFD /* BaseWangViewController.m in Sources */ = {isa = PBXBuildFile; fileRef = 759C3F9C1BBFD2B600BDFCFD /* BaseWangViewController.m */; };
		75A76E3C1E0C14C2004CC791 /* LoginViewController.m in Sources */ = {isa = PBXBuildFile; fileRef = 75A76E3B1E0C14C2004CC791 /* LoginViewController.m */; };
		75A76E681E0C1D0E004CC791 /* FindMyPassWordViewController.m in Sources */ = {isa = PBXBuildFile; fileRef = 75A76E671E0C1D0E004CC791 /* FindMyPassWordViewController.m */; };
		75A76E6B1E0C2863004CC791 /* UserAgreementController.m in Sources */ = {isa = PBXBuildFile; fileRef = 75A76E6A1E0C2863004CC791 /* UserAgreementController.m */; };
		75A76E6D1E0C28D8004CC791 /* USERAGREEMENT.html in Resources */ = {isa = PBXBuildFile; fileRef = 75A76E6C1E0C28D8004CC791 /* USERAGREEMENT.html */; };
		75B208CD1BF38FFC00745179 /* bundles.zip in Resources */ = {isa = PBXBuildFile; fileRef = 75B208CC1BF38FFB00745179 /* bundles.zip */; };
		75B851631BC3A12900ECEFE1 /* GMDCircleLoader.m in Sources */ = {isa = PBXBuildFile; fileRef = 75B851621BC3A12900ECEFE1 /* GMDCircleLoader.m */; };
		75DBD9841BE50524007269F9 /* SMS_SDKLocalizable.strings in Resources */ = {isa = PBXBuildFile; fileRef = 75DBD97F1BE50524007269F9 /* SMS_SDKLocalizable.strings */; };
		75DBD9851BE50524007269F9 /* MOBFoundation.framework in Frameworks */ = {isa = PBXBuildFile; fileRef = 75DBD9811BE50524007269F9 /* MOBFoundation.framework */; };
		75DBD9861BE50524007269F9 /* SMS_SDK.framework in Frameworks */ = {isa = PBXBuildFile; fileRef = 75DBD9821BE50524007269F9 /* SMS_SDK.framework */; };
		75DBD9881BE50542007269F9 /* libicucore.tbd in Frameworks */ = {isa = PBXBuildFile; fileRef = 75DBD9871BE50542007269F9 /* libicucore.tbd */; };
		75DBD98A1BE50554007269F9 /* libz.tbd in Frameworks */ = {isa = PBXBuildFile; fileRef = 75DBD9891BE50554007269F9 /* libz.tbd */; };
		75DBD98C1BE5055E007269F9 /* MessageUI.framework in Frameworks */ = {isa = PBXBuildFile; fileRef = 75DBD98B1BE5055E007269F9 /* MessageUI.framework */; };
		75DBD98E1BE50566007269F9 /* JavaScriptCore.framework in Frameworks */ = {isa = PBXBuildFile; fileRef = 75DBD98D1BE50566007269F9 /* JavaScriptCore.framework */; };
		75DBD9901BE50570007269F9 /* libstdc++.tbd in Frameworks */ = {isa = PBXBuildFile; fileRef = 75DBD98F1BE50570007269F9 /* libstdc++.tbd */; };
		75DBD9921BE5057D007269F9 /* AddressBook.framework in Frameworks */ = {isa = PBXBuildFile; fileRef = 75DBD9911BE5057D007269F9 /* AddressBook.framework */; };
		75DBD9941BE50584007269F9 /* AddressBookUI.framework in Frameworks */ = {isa = PBXBuildFile; fileRef = 75DBD9931BE50584007269F9 /* AddressBookUI.framework */; };
		75F573571E0ACA050024A7DE /* Login.storyboard in Resources */ = {isa = PBXBuildFile; fileRef = 75F573561E0ACA050024A7DE /* Login.storyboard */; };
		75F573591E0ACA750024A7DE /* pic_login_bg.png in Resources */ = {isa = PBXBuildFile; fileRef = 75F573581E0ACA750024A7DE /* pic_login_bg.png */; };
		75FDCC911EFA140A009FBDE5 /* AppsViewController.m in Sources */ = {isa = PBXBuildFile; fileRef = 75FDCC901EFA140A009FBDE5 /* AppsViewController.m */; };
		75FDCC961EFA1620009FBDE5 /* AppsCollectionViewCell.m in Sources */ = {isa = PBXBuildFile; fileRef = 75FDCC941EFA1620009FBDE5 /* AppsCollectionViewCell.m */; };
		75FDCC971EFA1620009FBDE5 /* AppsCollectionViewCell.xib in Resources */ = {isa = PBXBuildFile; fileRef = 75FDCC951EFA1620009FBDE5 /* AppsCollectionViewCell.xib */; };
		75FDCC9D1EFA2235009FBDE5 /* weChat.jpeg in Resources */ = {isa = PBXBuildFile; fileRef = 75FDCC9C1EFA2235009FBDE5 /* weChat.jpeg */; };
		75FDCCB91EFA2419009FBDE5 /* Info.plist in Resources */ = {isa = PBXBuildFile; fileRef = 75FDCC9F1EFA2419009FBDE5 /* Info.plist */; };
		75FDCCBA1EFA2419009FBDE5 /* MASCompositeConstraint.m in Sources */ = {isa = PBXBuildFile; fileRef = 75FDCCA11EFA2419009FBDE5 /* MASCompositeConstraint.m */; };
		75FDCCBB1EFA2419009FBDE5 /* MASConstraint.m in Sources */ = {isa = PBXBuildFile; fileRef = 75FDCCA41EFA2419009FBDE5 /* MASConstraint.m */; };
		75FDCCBC1EFA2419009FBDE5 /* MASConstraintMaker.m in Sources */ = {isa = PBXBuildFile; fileRef = 75FDCCA61EFA2419009FBDE5 /* MASConstraintMaker.m */; };
		75FDCCBD1EFA2419009FBDE5 /* MASLayoutConstraint.m in Sources */ = {isa = PBXBuildFile; fileRef = 75FDCCA81EFA2419009FBDE5 /* MASLayoutConstraint.m */; };
		75FDCCBE1EFA2419009FBDE5 /* MASViewAttribute.m in Sources */ = {isa = PBXBuildFile; fileRef = 75FDCCAC1EFA2419009FBDE5 /* MASViewAttribute.m */; };
		75FDCCBF1EFA2419009FBDE5 /* MASViewConstraint.m in Sources */ = {isa = PBXBuildFile; fileRef = 75FDCCAE1EFA2419009FBDE5 /* MASViewConstraint.m */; };
		75FDCCC01EFA2419009FBDE5 /* NSArray+MASAdditions.m in Sources */ = {isa = PBXBuildFile; fileRef = 75FDCCB01EFA2419009FBDE5 /* NSArray+MASAdditions.m */; };
		75FDCCC11EFA2419009FBDE5 /* NSLayoutConstraint+MASDebugAdditions.m in Sources */ = {isa = PBXBuildFile; fileRef = 75FDCCB31EFA2419009FBDE5 /* NSLayoutConstraint+MASDebugAdditions.m */; };
		75FDCCC21EFA2419009FBDE5 /* View+MASAdditions.m in Sources */ = {isa = PBXBuildFile; fileRef = 75FDCCB51EFA2419009FBDE5 /* View+MASAdditions.m */; };
		75FDCCC31EFA2419009FBDE5 /* ViewController+MASAdditions.m in Sources */ = {isa = PBXBuildFile; fileRef = 75FDCCB81EFA2419009FBDE5 /* ViewController+MASAdditions.m */; };
		75FDCCC71EFA3443009FBDE5 /* mengpai.jpeg in Resources */ = {isa = PBXBuildFile; fileRef = 75FDCCC41EFA3443009FBDE5 /* mengpai.jpeg */; };
		75FDCCC81EFA3443009FBDE5 /* toutiao.jpeg in Resources */ = {isa = PBXBuildFile; fileRef = 75FDCCC51EFA3443009FBDE5 /* toutiao.jpeg */; };
		75FDCCC91EFA3443009FBDE5 /* aliPay.jpeg in Resources */ = {isa = PBXBuildFile; fileRef = 75FDCCC61EFA3443009FBDE5 /* aliPay.jpeg */; };
		75FDCCCD1EFA67E3009FBDE5 /* qq.jpeg in Resources */ = {isa = PBXBuildFile; fileRef = 75FDCCCC1EFA67E3009FBDE5 /* qq.jpeg */; };
		75FDCCD01EFA7720009FBDE5 /* RightViewController.m in Sources */ = {isa = PBXBuildFile; fileRef = 75FDCCCF1EFA7720009FBDE5 /* RightViewController.m */; };
		75FDCCD31EFAB45A009FBDE5 /* LeftNagViewController.m in Sources */ = {isa = PBXBuildFile; fileRef = 75FDCCD21EFAB45A009FBDE5 /* LeftNagViewController.m */; };
		75FDCCD61EFAB980009FBDE5 /* BaseNavViewController.m in Sources */ = {isa = PBXBuildFile; fileRef = 75FDCCD51EFAB980009FBDE5 /* BaseNavViewController.m */; };
		75FDCCDE1EFB4ECB009FBDE5 /* RECommonFunctions.m in Sources */ = {isa = PBXBuildFile; fileRef = 75FDCCD91EFB4ECB009FBDE5 /* RECommonFunctions.m */; };
		75FDCCDF1EFB4ECB009FBDE5 /* RESideMenu.m in Sources */ = {isa = PBXBuildFile; fileRef = 75FDCCDB1EFB4ECB009FBDE5 /* RESideMenu.m */; };
		75FDCCE01EFB4ECB009FBDE5 /* UIViewController+RESideMenu.m in Sources */ = {isa = PBXBuildFile; fileRef = 75FDCCDD1EFB4ECB009FBDE5 /* UIViewController+RESideMenu.m */; };
		75FDCCE21EFB5319009FBDE5 /* Stars@2x.png in Resources */ = {isa = PBXBuildFile; fileRef = 75FDCCE11EFB5319009FBDE5 /* Stars@2x.png */; };
		75FDCCE51EFB5F6A009FBDE5 /* RESideMenu+MyFunction.m in Sources */ = {isa = PBXBuildFile; fileRef = 75FDCCE41EFB5F6A009FBDE5 /* RESideMenu+MyFunction.m */; };
		927A9E3D7C703BE204DD4A18 /* libPods.a in Frameworks */ = {isa = PBXBuildFile; fileRef = DDA0F8024E5FBCA31D2828E0 /* libPods.a */; };
/* End PBXBuildFile section */

/* Begin PBXContainerItemProxy section */
		759C3F2B1BBF702C00BDFCFD /* PBXContainerItemProxy */ = {
			isa = PBXContainerItemProxy;
			containerPortal = 759C3F091BBF702C00BDFCFD /* Project object */;
			proxyType = 1;
			remoteGlobalIDString = 759C3F101BBF702C00BDFCFD;
			remoteInfo = Compare;
		};
/* End PBXContainerItemProxy section */

/* Begin PBXFileReference section */
		6F3223F9A0ECD578F690484E /* Pods.release.xcconfig */ = {isa = PBXFileReference; includeInIndex = 1; lastKnownFileType = text.xcconfig; name = Pods.release.xcconfig; path = "Pods/Target Support Files/Pods/Pods.release.xcconfig"; sourceTree = "<group>"; };
		751D05061BC804130035461E /* tianMao.png */ = {isa = PBXFileReference; lastKnownFileType = image.png; path = tianMao.png; sourceTree = "<group>"; };
		751D05081BC806F10035461E /* yixun.png */ = {isa = PBXFileReference; lastKnownFileType = image.png; path = yixun.png; sourceTree = "<group>"; };
		751D050A1BC8088B0035461E /* weipin.png */ = {isa = PBXFileReference; lastKnownFileType = image.png; path = weipin.png; sourceTree = "<group>"; };
		751D050C1BC8094C0035461E /* L1.png */ = {isa = PBXFileReference; lastKnownFileType = image.png; path = L1.png; sourceTree = "<group>"; };
		751D050E1BC8095B0035461E /* L2.png */ = {isa = PBXFileReference; lastKnownFileType = image.png; path = L2.png; sourceTree = "<group>"; };
		7521612B1BC69F37002FA236 /* MeViewController.h */ = {isa = PBXFileReference; fileEncoding = 4; lastKnownFileType = sourcecode.c.h; path = MeViewController.h; sourceTree = "<group>"; };
		7521612C1BC69F37002FA236 /* MeViewController.m */ = {isa = PBXFileReference; fileEncoding = 4; lastKnownFileType = sourcecode.c.objc; path = MeViewController.m; sourceTree = "<group>"; };
		75290A2C1EEB709400B3099E /* forward.png */ = {isa = PBXFileReference; lastKnownFileType = image.png; path = forward.png; sourceTree = "<group>"; };
		752D62571BC0C4B5000F77FF /* CompareViewController.h */ = {isa = PBXFileReference; fileEncoding = 4; lastKnownFileType = sourcecode.c.h; path = CompareViewController.h; sourceTree = "<group>"; };
		752D62581BC0C4B5000F77FF /* CompareViewController.m */ = {isa = PBXFileReference; fileEncoding = 4; lastKnownFileType = sourcecode.c.objc; path = CompareViewController.m; sourceTree = "<group>"; };
		752D625B1BC0D05E000F77FF /* GuideViewController.h */ = {isa = PBXFileReference; fileEncoding = 4; lastKnownFileType = sourcecode.c.h; path = GuideViewController.h; sourceTree = "<group>"; };
		752D625C1BC0D05E000F77FF /* GuideViewController.m */ = {isa = PBXFileReference; fileEncoding = 4; lastKnownFileType = sourcecode.c.objc; path = GuideViewController.m; sourceTree = "<group>"; };
		754488511BE5AF2700EA4042 /* zh-Hans */ = {isa = PBXFileReference; lastKnownFileType = text.plist.xml; name = "zh-Hans"; path = "zh-Hans.lproj/country.plist"; sourceTree = "<group>"; };
		75561A8D1BC2268C00650B06 /* jd.png */ = {isa = PBXFileReference; lastKnownFileType = image.png; path = jd.png; sourceTree = "<group>"; };
		75561A8F1BC2297400650B06 /* taobao.png */ = {isa = PBXFileReference; lastKnownFileType = image.png; path = taobao.png; sourceTree = "<group>"; };
		75561A911BC22A4100650B06 /* suning.png */ = {isa = PBXFileReference; lastKnownFileType = image.png; path = suning.png; sourceTree = "<group>"; };
		75561A951BC272E100650B06 /* LaunchScreen.xib */ = {isa = PBXFileReference; fileEncoding = 4; lastKnownFileType = file.xib; path = LaunchScreen.xib; sourceTree = "<group>"; };
		75561A9A1BC2744B00650B06 /* LDefault.png */ = {isa = PBXFileReference; lastKnownFileType = image.png; path = LDefault.png; sourceTree = "<group>"; };
		75561A9C1BC2753F00650B06 /* L3.png */ = {isa = PBXFileReference; lastKnownFileType = image.png; path = L3.png; sourceTree = "<group>"; };
		755E88DA1BD38B1C00C3D967 /* AnimationPauseViewController.h */ = {isa = PBXFileReference; fileEncoding = 4; lastKnownFileType = sourcecode.c.h; path = AnimationPauseViewController.h; sourceTree = "<group>"; };
		755E88DB1BD38B1C00C3D967 /* AnimationPauseViewController.m */ = {isa = PBXFileReference; fileEncoding = 4; lastKnownFileType = sourcecode.c.objc; path = AnimationPauseViewController.m; sourceTree = "<group>"; };
		755E88DF1BD38CE600C3D967 /* glass.wav */ = {isa = PBXFileReference; lastKnownFileType = audio.wav; path = glass.wav; sourceTree = "<group>"; };
		755E88E01BD38CE600C3D967 /* Shake_01.png */ = {isa = PBXFileReference; lastKnownFileType = image.png; path = Shake_01.png; sourceTree = "<group>"; };
		755E88E11BD38CE600C3D967 /* Shake_01@2x.png */ = {isa = PBXFileReference; lastKnownFileType = image.png; path = "Shake_01@2x.png"; sourceTree = "<group>"; };
		755E88E21BD38CE600C3D967 /* Shake_02.png */ = {isa = PBXFileReference; lastKnownFileType = image.png; path = Shake_02.png; sourceTree = "<group>"; };
		755E88E31BD38CE600C3D967 /* Shake_02@2x.png */ = {isa = PBXFileReference; lastKnownFileType = image.png; path = "Shake_02@2x.png"; sourceTree = "<group>"; };
		755E88E91BD38E8600C3D967 /* 更新背景2.png */ = {isa = PBXFileReference; lastKnownFileType = image.png; path = "更新背景2.png"; sourceTree = "<group>"; };
		755E88EA1BD38E8600C3D967 /* 更新背景2@2x.png */ = {isa = PBXFileReference; lastKnownFileType = image.png; path = "更新背景2@2x.png"; sourceTree = "<group>"; };
		756206851BD90AB000259C42 /* BaseViewController.h */ = {isa = PBXFileReference; fileEncoding = 4; lastKnownFileType = sourcecode.c.h; path = BaseViewController.h; sourceTree = "<group>"; };
		756206861BD90AB000259C42 /* BaseViewController.m */ = {isa = PBXFileReference; fileEncoding = 4; lastKnownFileType = sourcecode.c.objc; path = BaseViewController.m; sourceTree = "<group>"; };
		756A4FBB1BDCA4DD0068A5C6 /* SettingTableViewController.h */ = {isa = PBXFileReference; fileEncoding = 4; lastKnownFileType = sourcecode.c.h; path = SettingTableViewController.h; sourceTree = "<group>"; };
		756A4FBC1BDCA4DD0068A5C6 /* SettingTableViewController.m */ = {isa = PBXFileReference; fileEncoding = 4; lastKnownFileType = sourcecode.c.objc; path = SettingTableViewController.m; sourceTree = "<group>"; };
		756A4FBF1BDCCAB70068A5C6 /* MBProgressHUD.h */ = {isa = PBXFileReference; fileEncoding = 4; lastKnownFileType = sourcecode.c.h; path = MBProgressHUD.h; sourceTree = "<group>"; };
		756A4FC01BDCCAB70068A5C6 /* MBProgressHUD.m */ = {isa = PBXFileReference; fileEncoding = 4; lastKnownFileType = sourcecode.c.objc; path = MBProgressHUD.m; sourceTree = "<group>"; };
		756A4FC21BDCCDDC0068A5C6 /* 37x-Checkmark.png */ = {isa = PBXFileReference; lastKnownFileType = image.png; path = "37x-Checkmark.png"; sourceTree = "<group>"; };
		756C9CCB1BC93F1C0005DDDE /* zh-Hans */ = {isa = PBXFileReference; lastKnownFileType = text.plist.strings; name = "zh-Hans"; path = "zh-Hans.lproj/Main.strings"; sourceTree = "<group>"; };
		756C9CCF1BC93FAB0005DDDE /* en */ = {isa = PBXFileReference; lastKnownFileType = text.plist.strings; name = en; path = en.lproj/Localizable.strings; sourceTree = "<group>"; };
		756C9CD11BC93FAE0005DDDE /* zh-Hans */ = {isa = PBXFileReference; lastKnownFileType = text.plist.strings; name = "zh-Hans"; path = "zh-Hans.lproj/Localizable.strings"; sourceTree = "<group>"; };
		756C9CDC1BC948C80005DDDE /* Base */ = {isa = PBXFileReference; lastKnownFileType = text.plist.strings; name = Base; path = Base.lproj/Localizable.strings; sourceTree = "<group>"; };
		756C9CDE1BC949150005DDDE /* en */ = {isa = PBXFileReference; lastKnownFileType = text.plist.strings; name = en; path = en.lproj/Main.strings; sourceTree = "<group>"; };
		756C9CE21BC9494E0005DDDE /* Base */ = {isa = PBXFileReference; lastKnownFileType = text.plist.strings; name = Base; path = Base.lproj/InfoPlist.strings; sourceTree = "<group>"; };
		756C9CE41BC9494F0005DDDE /* en */ = {isa = PBXFileReference; lastKnownFileType = text.plist.strings; name = en; path = en.lproj/InfoPlist.strings; sourceTree = "<group>"; };
		756C9CE51BC949500005DDDE /* zh-Hans */ = {isa = PBXFileReference; lastKnownFileType = text.plist.strings; name = "zh-Hans"; path = "zh-Hans.lproj/InfoPlist.strings"; sourceTree = "<group>"; };
		756C9CEC1BC955EA0005DDDE /* money.png */ = {isa = PBXFileReference; lastKnownFileType = image.png; path = money.png; sourceTree = "<group>"; };
		756E0C5E1BE59EDA003CBF50 /* RegViewController.h */ = {isa = PBXFileReference; fileEncoding = 4; lastKnownFileType = sourcecode.c.h; path = RegViewController.h; sourceTree = "<group>"; };
		756E0C5F1BE59EDA003CBF50 /* RegViewController.m */ = {isa = PBXFileReference; fileEncoding = 4; lastKnownFileType = sourcecode.c.objc; path = RegViewController.m; sourceTree = "<group>"; };
		756E0C611BE59F03003CBF50 /* SectionsViewController.h */ = {isa = PBXFileReference; fileEncoding = 4; lastKnownFileType = sourcecode.c.h; path = SectionsViewController.h; sourceTree = "<group>"; };
		756E0C621BE59F03003CBF50 /* SectionsViewController.m */ = {isa = PBXFileReference; fileEncoding = 4; lastKnownFileType = sourcecode.c.objc; path = SectionsViewController.m; sourceTree = "<group>"; };
		756E0C641BE5A03F003CBF50 /* NSDictionary+DeepMutableCopy.h */ = {isa = PBXFileReference; fileEncoding = 4; lastKnownFileType = sourcecode.c.h; path = "NSDictionary+DeepMutableCopy.h"; sourceTree = "<group>"; };
		756E0C651BE5A03F003CBF50 /* NSDictionary+DeepMutableCopy.m */ = {isa = PBXFileReference; fileEncoding = 4; lastKnownFileType = sourcecode.c.objc; path = "NSDictionary+DeepMutableCopy.m"; sourceTree = "<group>"; };
		756E0C671BE5A153003CBF50 /* VerifyViewController.h */ = {isa = PBXFileReference; fileEncoding = 4; lastKnownFileType = sourcecode.c.h; path = VerifyViewController.h; sourceTree = "<group>"; };
		756E0C681BE5A153003CBF50 /* VerifyViewController.m */ = {isa = PBXFileReference; fileEncoding = 4; lastKnownFileType = sourcecode.c.objc; path = VerifyViewController.m; sourceTree = "<group>"; };
		756E0C6D1BE5A1C0003CBF50 /* SMS_HYZBadgeView.h */ = {isa = PBXFileReference; fileEncoding = 4; lastKnownFileType = sourcecode.c.h; path = SMS_HYZBadgeView.h; sourceTree = "<group>"; };
		756E0C6E1BE5A1C0003CBF50 /* SMS_HYZBadgeView.m */ = {isa = PBXFileReference; fileEncoding = 4; lastKnownFileType = sourcecode.c.objc; path = SMS_HYZBadgeView.m; sourceTree = "<group>"; };
		756E0C6F1BE5A1C0003CBF50 /* SMS_MBProgressHUD+Add.h */ = {isa = PBXFileReference; fileEncoding = 4; lastKnownFileType = sourcecode.c.h; path = "SMS_MBProgressHUD+Add.h"; sourceTree = "<group>"; };
		756E0C701BE5A1C0003CBF50 /* SMS_MBProgressHUD+Add.m */ = {isa = PBXFileReference; fileEncoding = 4; lastKnownFileType = sourcecode.c.objc; path = "SMS_MBProgressHUD+Add.m"; sourceTree = "<group>"; };
		756E0C711BE5A1C0003CBF50 /* SMS_MBProgressHUD.h */ = {isa = PBXFileReference; fileEncoding = 4; lastKnownFileType = sourcecode.c.h; path = SMS_MBProgressHUD.h; sourceTree = "<group>"; };
		756E0C721BE5A1C0003CBF50 /* SMS_MBProgressHUD.m */ = {isa = PBXFileReference; fileEncoding = 4; lastKnownFileType = sourcecode.c.objc; path = SMS_MBProgressHUD.m; sourceTree = "<group>"; };
		756E0C771BE5A6A6003CBF50 /* MainRegViewController.h */ = {isa = PBXFileReference; fileEncoding = 4; lastKnownFileType = sourcecode.c.h; path = MainRegViewController.h; sourceTree = "<group>"; };
		756E0C781BE5A6A6003CBF50 /* MainRegViewController.m */ = {isa = PBXFileReference; fileEncoding = 4; lastKnownFileType = sourcecode.c.objc; path = MainRegViewController.m; sourceTree = "<group>"; };
		756E0C7A1BE5A8F9003CBF50 /* smssdk.bundle */ = {isa = PBXFileReference; lastKnownFileType = "wrapper.plug-in"; path = smssdk.bundle; sourceTree = "<group>"; };
		756E0C7F1BE5ACE7003CBF50 /* en */ = {isa = PBXFileReference; lastKnownFileType = text.plist.xml; name = en; path = en.lproj/country.plist; sourceTree = "<group>"; };
		75907F1E1BD6870F00529A28 /* iAd.framework */ = {isa = PBXFileReference; lastKnownFileType = wrapper.framework; name = iAd.framework; path = System/Library/Frameworks/iAd.framework; sourceTree = SDKROOT; };
		759C3F111BBF702C00BDFCFD /* Compare.app */ = {isa = PBXFileReference; explicitFileType = wrapper.application; includeInIndex = 0; path = Compare.app; sourceTree = BUILT_PRODUCTS_DIR; };
		759C3F151BBF702C00BDFCFD /* Info.plist */ = {isa = PBXFileReference; lastKnownFileType = text.plist.xml; path = Info.plist; sourceTree = "<group>"; };
		759C3F161BBF702C00BDFCFD /* main.m */ = {isa = PBXFileReference; lastKnownFileType = sourcecode.c.objc; path = main.m; sourceTree = "<group>"; };
		759C3F181BBF702C00BDFCFD /* AppDelegate.h */ = {isa = PBXFileReference; lastKnownFileType = sourcecode.c.h; path = AppDelegate.h; sourceTree = "<group>"; };
		759C3F191BBF702C00BDFCFD /* AppDelegate.m */ = {isa = PBXFileReference; lastKnownFileType = sourcecode.c.objc; path = AppDelegate.m; sourceTree = "<group>"; };
		759C3F1B1BBF702C00BDFCFD /* ViewController.h */ = {isa = PBXFileReference; lastKnownFileType = sourcecode.c.h; path = ViewController.h; sourceTree = "<group>"; };
		759C3F1C1BBF702C00BDFCFD /* ViewController.m */ = {isa = PBXFileReference; lastKnownFileType = sourcecode.c.objc; path = ViewController.m; sourceTree = "<group>"; };
		759C3F1F1BBF702C00BDFCFD /* Base */ = {isa = PBXFileReference; lastKnownFileType = file.storyboard; name = Base; path = Base.lproj/Main.storyboard; sourceTree = "<group>"; };
		759C3F211BBF702C00BDFCFD /* Images.xcassets */ = {isa = PBXFileReference; lastKnownFileType = folder.assetcatalog; path = Images.xcassets; sourceTree = "<group>"; };
		759C3F2A1BBF702C00BDFCFD /* CompareTests.xctest */ = {isa = PBXFileReference; explicitFileType = wrapper.cfbundle; includeInIndex = 0; path = CompareTests.xctest; sourceTree = BUILT_PRODUCTS_DIR; };
		759C3F2F1BBF702C00BDFCFD /* Info.plist */ = {isa = PBXFileReference; lastKnownFileType = text.plist.xml; path = Info.plist; sourceTree = "<group>"; };
		759C3F301BBF702C00BDFCFD /* CompareTests.m */ = {isa = PBXFileReference; lastKnownFileType = sourcecode.c.objc; path = CompareTests.m; sourceTree = "<group>"; };
		759C3F3B1BBF72D100BDFCFD /* BaseWebViewController.h */ = {isa = PBXFileReference; fileEncoding = 4; lastKnownFileType = sourcecode.c.h; path = BaseWebViewController.h; sourceTree = "<group>"; };
		759C3F3C1BBF72D100BDFCFD /* BaseWebViewController.m */ = {isa = PBXFileReference; fileEncoding = 4; lastKnownFileType = sourcecode.c.objc; path = BaseWebViewController.m; sourceTree = "<group>"; };
		759C3F3F1BBF772800BDFCFD /* Utility.h */ = {isa = PBXFileReference; fileEncoding = 4; lastKnownFileType = sourcecode.c.h; path = Utility.h; sourceTree = "<group>"; };
		759C3F401BBF772800BDFCFD /* Utility.m */ = {isa = PBXFileReference; fileEncoding = 4; lastKnownFileType = sourcecode.c.objc; path = Utility.m; sourceTree = "<group>"; };
		759C3F451BBF793B00BDFCFD /* MainViewController.h */ = {isa = PBXFileReference; fileEncoding = 4; lastKnownFileType = sourcecode.c.h; path = MainViewController.h; sourceTree = "<group>"; };
		759C3F461BBF793B00BDFCFD /* MainViewController.m */ = {isa = PBXFileReference; fileEncoding = 4; lastKnownFileType = sourcecode.c.objc; path = MainViewController.m; sourceTree = "<group>"; };
		759C3F491BBF79CC00BDFCFD /* RNFrostedSidebar.h */ = {isa = PBXFileReference; fileEncoding = 4; lastKnownFileType = sourcecode.c.h; path = RNFrostedSidebar.h; sourceTree = "<group>"; };
		759C3F4A1BBF79CC00BDFCFD /* RNFrostedSidebar.m */ = {isa = PBXFileReference; fileEncoding = 4; lastKnownFileType = sourcecode.c.objc; path = RNFrostedSidebar.m; sourceTree = "<group>"; };
		759C3F501BBF804500BDFCFD /* LeftViewController.h */ = {isa = PBXFileReference; fileEncoding = 4; lastKnownFileType = sourcecode.c.h; path = LeftViewController.h; sourceTree = "<group>"; };
		759C3F511BBF804500BDFCFD /* LeftViewController.m */ = {isa = PBXFileReference; fileEncoding = 4; lastKnownFileType = sourcecode.c.objc; path = LeftViewController.m; sourceTree = "<group>"; };
		759C3F531BBFA7F700BDFCFD /* TuanViewController.h */ = {isa = PBXFileReference; fileEncoding = 4; lastKnownFileType = sourcecode.c.h; path = TuanViewController.h; sourceTree = "<group>"; };
		759C3F541BBFA7F700BDFCFD /* TuanViewController.m */ = {isa = PBXFileReference; fileEncoding = 4; lastKnownFileType = sourcecode.c.objc; path = TuanViewController.m; sourceTree = "<group>"; };
		759C3F571BBFA8CC00BDFCFD /* JKPopMenuItem.h */ = {isa = PBXFileReference; fileEncoding = 4; lastKnownFileType = sourcecode.c.h; path = JKPopMenuItem.h; sourceTree = "<group>"; };
		759C3F581BBFA8CC00BDFCFD /* JKPopMenuItem.m */ = {isa = PBXFileReference; fileEncoding = 4; lastKnownFileType = sourcecode.c.objc; path = JKPopMenuItem.m; sourceTree = "<group>"; };
		759C3F591BBFA8CC00BDFCFD /* JKPopMenuView.h */ = {isa = PBXFileReference; fileEncoding = 4; lastKnownFileType = sourcecode.c.h; path = JKPopMenuView.h; sourceTree = "<group>"; };
		759C3F5A1BBFA8CC00BDFCFD /* JKPopMenuView.m */ = {isa = PBXFileReference; fileEncoding = 4; lastKnownFileType = sourcecode.c.objc; path = JKPopMenuView.m; sourceTree = "<group>"; };
		759C3F5D1BBFB56C00BDFCFD /* HomeButton.h */ = {isa = PBXFileReference; fileEncoding = 4; lastKnownFileType = sourcecode.c.h; path = HomeButton.h; sourceTree = "<group>"; };
		759C3F5E1BBFB56C00BDFCFD /* HomeButton.m */ = {isa = PBXFileReference; fileEncoding = 4; lastKnownFileType = sourcecode.c.objc; path = HomeButton.m; sourceTree = "<group>"; };
		759C3F681BBFBC8F00BDFCFD /* WangGouViewController.h */ = {isa = PBXFileReference; fileEncoding = 4; lastKnownFileType = sourcecode.c.h; path = WangGouViewController.h; sourceTree = "<group>"; };
		759C3F691BBFBC8F00BDFCFD /* WangGouViewController.m */ = {isa = PBXFileReference; fileEncoding = 4; lastKnownFileType = sourcecode.c.objc; path = WangGouViewController.m; sourceTree = "<group>"; };
		759C3F6C1BBFD12100BDFCFD /* UIImage+ImageEffects.h */ = {isa = PBXFileReference; fileEncoding = 4; lastKnownFileType = sourcecode.c.h; path = "UIImage+ImageEffects.h"; sourceTree = "<group>"; };
		759C3F6D1BBFD12100BDFCFD /* UIImage+ImageEffects.m */ = {isa = PBXFileReference; fileEncoding = 4; lastKnownFileType = sourcecode.c.objc; path = "UIImage+ImageEffects.m"; sourceTree = "<group>"; };
		759C3F701BBFD14600BDFCFD /* closeButtonGray.png */ = {isa = PBXFileReference; lastKnownFileType = image.png; path = closeButtonGray.png; sourceTree = "<group>"; };
		759C3F711BBFD14600BDFCFD /* closeButtonGray@2x.png */ = {isa = PBXFileReference; lastKnownFileType = image.png; path = "closeButtonGray@2x.png"; sourceTree = "<group>"; };
		759C3F721BBFD14600BDFCFD /* bgcircle.png */ = {isa = PBXFileReference; lastKnownFileType = image.png; path = bgcircle.png; sourceTree = "<group>"; };
		759C3F731BBFD14600BDFCFD /* bgcircle.pxm */ = {isa = PBXFileReference; lastKnownFileType = file; path = bgcircle.pxm; sourceTree = "<group>"; };
		759C3F741BBFD14600BDFCFD /* bgcircle@2x.png */ = {isa = PBXFileReference; lastKnownFileType = image.png; path = "bgcircle@2x.png"; sourceTree = "<group>"; };
		759C3F751BBFD14600BDFCFD /* camera.png */ = {isa = PBXFileReference; lastKnownFileType = image.png; path = camera.png; sourceTree = "<group>"; };
		759C3F761BBFD14600BDFCFD /* camera@2x.png */ = {isa = PBXFileReference; lastKnownFileType = image.png; path = "camera@2x.png"; sourceTree = "<group>"; };
		759C3F791BBFD14600BDFCFD /* phone.png */ = {isa = PBXFileReference; lastKnownFileType = image.png; path = phone.png; sourceTree = "<group>"; };
		759C3F7A1BBFD14600BDFCFD /* phone@2x.png */ = {isa = PBXFileReference; lastKnownFileType = image.png; path = "phone@2x.png"; sourceTree = "<group>"; };
		759C3F7B1BBFD14600BDFCFD /* star.png */ = {isa = PBXFileReference; lastKnownFileType = image.png; path = star.png; sourceTree = "<group>"; };
		759C3F7C1BBFD14600BDFCFD /* star@2x.png */ = {isa = PBXFileReference; lastKnownFileType = image.png; path = "star@2x.png"; sourceTree = "<group>"; };
		759C3F7D1BBFD14600BDFCFD /* tag.png */ = {isa = PBXFileReference; lastKnownFileType = image.png; path = tag.png; sourceTree = "<group>"; };
		759C3F7E1BBFD14600BDFCFD /* tag@2x.png */ = {isa = PBXFileReference; lastKnownFileType = image.png; path = "tag@2x.png"; sourceTree = "<group>"; };
		759C3F7F1BBFD14600BDFCFD /* voicemail.png */ = {isa = PBXFileReference; lastKnownFileType = image.png; path = voicemail.png; sourceTree = "<group>"; };
		759C3F801BBFD14600BDFCFD /* voicemail@2x.png */ = {isa = PBXFileReference; lastKnownFileType = image.png; path = "voicemail@2x.png"; sourceTree = "<group>"; };
		759C3F921BBFD15200BDFCFD /* SFSCircleLayout.h */ = {isa = PBXFileReference; fileEncoding = 4; lastKnownFileType = sourcecode.c.h; path = SFSCircleLayout.h; sourceTree = "<group>"; };
		759C3F931BBFD15200BDFCFD /* SFSCircleLayout.m */ = {isa = PBXFileReference; fileEncoding = 4; lastKnownFileType = sourcecode.c.objc; path = SFSCircleLayout.m; sourceTree = "<group>"; };
		759C3F951BBFD15C00BDFCFD /* SFSCollectionMenuController.h */ = {isa = PBXFileReference; fileEncoding = 4; lastKnownFileType = sourcecode.c.h; path = SFSCollectionMenuController.h; sourceTree = "<group>"; };
		759C3F961BBFD15C00BDFCFD /* SFSCollectionMenuController.m */ = {isa = PBXFileReference; fileEncoding = 4; lastKnownFileType = sourcecode.c.objc; path = SFSCollectionMenuController.m; sourceTree = "<group>"; };
		759C3F981BBFD18600BDFCFD /* SFSMenuCell.h */ = {isa = PBXFileReference; fileEncoding = 4; lastKnownFileType = sourcecode.c.h; path = SFSMenuCell.h; sourceTree = "<group>"; };
		759C3F991BBFD18600BDFCFD /* SFSMenuCell.m */ = {isa = PBXFileReference; fileEncoding = 4; lastKnownFileType = sourcecode.c.objc; path = SFSMenuCell.m; sourceTree = "<group>"; };
		759C3F9B1BBFD2B600BDFCFD /* BaseWangViewController.h */ = {isa = PBXFileReference; fileEncoding = 4; lastKnownFileType = sourcecode.c.h; path = BaseWangViewController.h; sourceTree = "<group>"; };
		759C3F9C1BBFD2B600BDFCFD /* BaseWangViewController.m */ = {isa = PBXFileReference; fileEncoding = 4; lastKnownFileType = sourcecode.c.objc; path = BaseWangViewController.m; sourceTree = "<group>"; };
		75A76E3A1E0C14C2004CC791 /* LoginViewController.h */ = {isa = PBXFileReference; fileEncoding = 4; lastKnownFileType = sourcecode.c.h; path = LoginViewController.h; sourceTree = "<group>"; };
		75A76E3B1E0C14C2004CC791 /* LoginViewController.m */ = {isa = PBXFileReference; fileEncoding = 4; lastKnownFileType = sourcecode.c.objc; path = LoginViewController.m; sourceTree = "<group>"; };
		75A76E641E0C1964004CC791 /* PrefixHeader.pch */ = {isa = PBXFileReference; lastKnownFileType = sourcecode.c.h; path = PrefixHeader.pch; sourceTree = "<group>"; };
		75A76E651E0C1980004CC791 /* CompareHeader.h */ = {isa = PBXFileReference; lastKnownFileType = sourcecode.c.h; path = CompareHeader.h; sourceTree = "<group>"; };
		75A76E661E0C1D0E004CC791 /* FindMyPassWordViewController.h */ = {isa = PBXFileReference; fileEncoding = 4; lastKnownFileType = sourcecode.c.h; path = FindMyPassWordViewController.h; sourceTree = "<group>"; };
		75A76E671E0C1D0E004CC791 /* FindMyPassWordViewController.m */ = {isa = PBXFileReference; fileEncoding = 4; lastKnownFileType = sourcecode.c.objc; path = FindMyPassWordViewController.m; sourceTree = "<group>"; };
		75A76E691E0C2863004CC791 /* UserAgreementController.h */ = {isa = PBXFileReference; fileEncoding = 4; lastKnownFileType = sourcecode.c.h; path = UserAgreementController.h; sourceTree = "<group>"; };
		75A76E6A1E0C2863004CC791 /* UserAgreementController.m */ = {isa = PBXFileReference; fileEncoding = 4; lastKnownFileType = sourcecode.c.objc; path = UserAgreementController.m; sourceTree = "<group>"; };
		75A76E6C1E0C28D8004CC791 /* USERAGREEMENT.html */ = {isa = PBXFileReference; fileEncoding = 4; lastKnownFileType = text.html; path = USERAGREEMENT.html; sourceTree = "<group>"; };
		75B208CC1BF38FFB00745179 /* bundles.zip */ = {isa = PBXFileReference; lastKnownFileType = archive.zip; path = bundles.zip; sourceTree = "<group>"; };
		75B851611BC3A12900ECEFE1 /* GMDCircleLoader.h */ = {isa = PBXFileReference; fileEncoding = 4; lastKnownFileType = sourcecode.c.h; path = GMDCircleLoader.h; sourceTree = "<group>"; };
		75B851621BC3A12900ECEFE1 /* GMDCircleLoader.m */ = {isa = PBXFileReference; fileEncoding = 4; lastKnownFileType = sourcecode.c.objc; path = GMDCircleLoader.m; sourceTree = "<group>"; };
		75DBD9801BE50524007269F9 /* en */ = {isa = PBXFileReference; lastKnownFileType = text.plist.strings; name = en; path = en.lproj/SMS_SDKLocalizable.strings; sourceTree = "<group>"; };
		75DBD9811BE50524007269F9 /* MOBFoundation.framework */ = {isa = PBXFileReference; lastKnownFileType = wrapper.framework; path = MOBFoundation.framework; sourceTree = "<group>"; };
		75DBD9821BE50524007269F9 /* SMS_SDK.framework */ = {isa = PBXFileReference; lastKnownFileType = wrapper.framework; path = SMS_SDK.framework; sourceTree = "<group>"; };
		75DBD9831BE50524007269F9 /* zh-Hans */ = {isa = PBXFileReference; lastKnownFileType = text.plist.strings; name = "zh-Hans"; path = "zh-Hans.lproj/SMS_SDKLocalizable.strings"; sourceTree = "<group>"; };
		75DBD9871BE50542007269F9 /* libicucore.tbd */ = {isa = PBXFileReference; lastKnownFileType = "sourcecode.text-based-dylib-definition"; name = libicucore.tbd; path = usr/lib/libicucore.tbd; sourceTree = SDKROOT; };
		75DBD9891BE50554007269F9 /* libz.tbd */ = {isa = PBXFileReference; lastKnownFileType = "sourcecode.text-based-dylib-definition"; name = libz.tbd; path = usr/lib/libz.tbd; sourceTree = SDKROOT; };
		75DBD98B1BE5055E007269F9 /* MessageUI.framework */ = {isa = PBXFileReference; lastKnownFileType = wrapper.framework; name = MessageUI.framework; path = System/Library/Frameworks/MessageUI.framework; sourceTree = SDKROOT; };
		75DBD98D1BE50566007269F9 /* JavaScriptCore.framework */ = {isa = PBXFileReference; lastKnownFileType = wrapper.framework; name = JavaScriptCore.framework; path = System/Library/Frameworks/JavaScriptCore.framework; sourceTree = SDKROOT; };
		75DBD98F1BE50570007269F9 /* libstdc++.tbd */ = {isa = PBXFileReference; lastKnownFileType = "sourcecode.text-based-dylib-definition"; name = "libstdc++.tbd"; path = "usr/lib/libstdc++.tbd"; sourceTree = SDKROOT; };
		75DBD9911BE5057D007269F9 /* AddressBook.framework */ = {isa = PBXFileReference; lastKnownFileType = wrapper.framework; name = AddressBook.framework; path = System/Library/Frameworks/AddressBook.framework; sourceTree = SDKROOT; };
		75DBD9931BE50584007269F9 /* AddressBookUI.framework */ = {isa = PBXFileReference; lastKnownFileType = wrapper.framework; name = AddressBookUI.framework; path = System/Library/Frameworks/AddressBookUI.framework; sourceTree = SDKROOT; };
		75F573561E0ACA050024A7DE /* Login.storyboard */ = {isa = PBXFileReference; fileEncoding = 4; lastKnownFileType = file.storyboard; path = Login.storyboard; sourceTree = "<group>"; };
		75F573581E0ACA750024A7DE /* pic_login_bg.png */ = {isa = PBXFileReference; lastKnownFileType = image.png; path = pic_login_bg.png; sourceTree = "<group>"; };
		75FDCC8F1EFA140A009FBDE5 /* AppsViewController.h */ = {isa = PBXFileReference; fileEncoding = 4; lastKnownFileType = sourcecode.c.h; path = AppsViewController.h; sourceTree = "<group>"; };
		75FDCC901EFA140A009FBDE5 /* AppsViewController.m */ = {isa = PBXFileReference; fileEncoding = 4; lastKnownFileType = sourcecode.c.objc; path = AppsViewController.m; sourceTree = "<group>"; };
		75FDCC931EFA1620009FBDE5 /* AppsCollectionViewCell.h */ = {isa = PBXFileReference; fileEncoding = 4; lastKnownFileType = sourcecode.c.h; path = AppsCollectionViewCell.h; sourceTree = "<group>"; };
		75FDCC941EFA1620009FBDE5 /* AppsCollectionViewCell.m */ = {isa = PBXFileReference; fileEncoding = 4; lastKnownFileType = sourcecode.c.objc; path = AppsCollectionViewCell.m; sourceTree = "<group>"; };
		75FDCC951EFA1620009FBDE5 /* AppsCollectionViewCell.xib */ = {isa = PBXFileReference; fileEncoding = 4; lastKnownFileType = file.xib; path = AppsCollectionViewCell.xib; sourceTree = "<group>"; };
		75FDCC9C1EFA2235009FBDE5 /* weChat.jpeg */ = {isa = PBXFileReference; lastKnownFileType = image.jpeg; path = weChat.jpeg; sourceTree = "<group>"; };
		75FDCC9F1EFA2419009FBDE5 /* Info.plist */ = {isa = PBXFileReference; fileEncoding = 4; lastKnownFileType = text.plist.xml; path = Info.plist; sourceTree = "<group>"; };
		75FDCCA01EFA2419009FBDE5 /* MASCompositeConstraint.h */ = {isa = PBXFileReference; fileEncoding = 4; lastKnownFileType = sourcecode.c.h; path = MASCompositeConstraint.h; sourceTree = "<group>"; };
		75FDCCA11EFA2419009FBDE5 /* MASCompositeConstraint.m */ = {isa = PBXFileReference; fileEncoding = 4; lastKnownFileType = sourcecode.c.objc; path = MASCompositeConstraint.m; sourceTree = "<group>"; };
		75FDCCA21EFA2419009FBDE5 /* MASConstraint+Private.h */ = {isa = PBXFileReference; fileEncoding = 4; lastKnownFileType = sourcecode.c.h; path = "MASConstraint+Private.h"; sourceTree = "<group>"; };
		75FDCCA31EFA2419009FBDE5 /* MASConstraint.h */ = {isa = PBXFileReference; fileEncoding = 4; lastKnownFileType = sourcecode.c.h; path = MASConstraint.h; sourceTree = "<group>"; };
		75FDCCA41EFA2419009FBDE5 /* MASConstraint.m */ = {isa = PBXFileReference; fileEncoding = 4; lastKnownFileType = sourcecode.c.objc; path = MASConstraint.m; sourceTree = "<group>"; };
		75FDCCA51EFA2419009FBDE5 /* MASConstraintMaker.h */ = {isa = PBXFileReference; fileEncoding = 4; lastKnownFileType = sourcecode.c.h; path = MASConstraintMaker.h; sourceTree = "<group>"; };
		75FDCCA61EFA2419009FBDE5 /* MASConstraintMaker.m */ = {isa = PBXFileReference; fileEncoding = 4; lastKnownFileType = sourcecode.c.objc; path = MASConstraintMaker.m; sourceTree = "<group>"; };
		75FDCCA71EFA2419009FBDE5 /* MASLayoutConstraint.h */ = {isa = PBXFileReference; fileEncoding = 4; lastKnownFileType = sourcecode.c.h; path = MASLayoutConstraint.h; sourceTree = "<group>"; };
		75FDCCA81EFA2419009FBDE5 /* MASLayoutConstraint.m */ = {isa = PBXFileReference; fileEncoding = 4; lastKnownFileType = sourcecode.c.objc; path = MASLayoutConstraint.m; sourceTree = "<group>"; };
		75FDCCA91EFA2419009FBDE5 /* Masonry.h */ = {isa = PBXFileReference; fileEncoding = 4; lastKnownFileType = sourcecode.c.h; path = Masonry.h; sourceTree = "<group>"; };
		75FDCCAA1EFA2419009FBDE5 /* MASUtilities.h */ = {isa = PBXFileReference; fileEncoding = 4; lastKnownFileType = sourcecode.c.h; path = MASUtilities.h; sourceTree = "<group>"; };
		75FDCCAB1EFA2419009FBDE5 /* MASViewAttribute.h */ = {isa = PBXFileReference; fileEncoding = 4; lastKnownFileType = sourcecode.c.h; path = MASViewAttribute.h; sourceTree = "<group>"; };
		75FDCCAC1EFA2419009FBDE5 /* MASViewAttribute.m */ = {isa = PBXFileReference; fileEncoding = 4; lastKnownFileType = sourcecode.c.objc; path = MASViewAttribute.m; sourceTree = "<group>"; };
		75FDCCAD1EFA2419009FBDE5 /* MASViewConstraint.h */ = {isa = PBXFileReference; fileEncoding = 4; lastKnownFileType = sourcecode.c.h; path = MASViewConstraint.h; sourceTree = "<group>"; };
		75FDCCAE1EFA2419009FBDE5 /* MASViewConstraint.m */ = {isa = PBXFileReference; fileEncoding = 4; lastKnownFileType = sourcecode.c.objc; path = MASViewConstraint.m; sourceTree = "<group>"; };
		75FDCCAF1EFA2419009FBDE5 /* NSArray+MASAdditions.h */ = {isa = PBXFileReference; fileEncoding = 4; lastKnownFileType = sourcecode.c.h; path = "NSArray+MASAdditions.h"; sourceTree = "<group>"; };
		75FDCCB01EFA2419009FBDE5 /* NSArray+MASAdditions.m */ = {isa = PBXFileReference; fileEncoding = 4; lastKnownFileType = sourcecode.c.objc; path = "NSArray+MASAdditions.m"; sourceTree = "<group>"; };
		75FDCCB11EFA2419009FBDE5 /* NSArray+MASShorthandAdditions.h */ = {isa = PBXFileReference; fileEncoding = 4; lastKnownFileType = sourcecode.c.h; path = "NSArray+MASShorthandAdditions.h"; sourceTree = "<group>"; };
		75FDCCB21EFA2419009FBDE5 /* NSLayoutConstraint+MASDebugAdditions.h */ = {isa = PBXFileReference; fileEncoding = 4; lastKnownFileType = sourcecode.c.h; path = "NSLayoutConstraint+MASDebugAdditions.h"; sourceTree = "<group>"; };
		75FDCCB31EFA2419009FBDE5 /* NSLayoutConstraint+MASDebugAdditions.m */ = {isa = PBXFileReference; fileEncoding = 4; lastKnownFileType = sourcecode.c.objc; path = "NSLayoutConstraint+MASDebugAdditions.m"; sourceTree = "<group>"; };
		75FDCCB41EFA2419009FBDE5 /* View+MASAdditions.h */ = {isa = PBXFileReference; fileEncoding = 4; lastKnownFileType = sourcecode.c.h; path = "View+MASAdditions.h"; sourceTree = "<group>"; };
		75FDCCB51EFA2419009FBDE5 /* View+MASAdditions.m */ = {isa = PBXFileReference; fileEncoding = 4; lastKnownFileType = sourcecode.c.objc; path = "View+MASAdditions.m"; sourceTree = "<group>"; };
		75FDCCB61EFA2419009FBDE5 /* View+MASShorthandAdditions.h */ = {isa = PBXFileReference; fileEncoding = 4; lastKnownFileType = sourcecode.c.h; path = "View+MASShorthandAdditions.h"; sourceTree = "<group>"; };
		75FDCCB71EFA2419009FBDE5 /* ViewController+MASAdditions.h */ = {isa = PBXFileReference; fileEncoding = 4; lastKnownFileType = sourcecode.c.h; path = "ViewController+MASAdditions.h"; sourceTree = "<group>"; };
		75FDCCB81EFA2419009FBDE5 /* ViewController+MASAdditions.m */ = {isa = PBXFileReference; fileEncoding = 4; lastKnownFileType = sourcecode.c.objc; path = "ViewController+MASAdditions.m"; sourceTree = "<group>"; };
		75FDCCC41EFA3443009FBDE5 /* mengpai.jpeg */ = {isa = PBXFileReference; lastKnownFileType = image.jpeg; path = mengpai.jpeg; sourceTree = "<group>"; };
		75FDCCC51EFA3443009FBDE5 /* toutiao.jpeg */ = {isa = PBXFileReference; lastKnownFileType = image.jpeg; path = toutiao.jpeg; sourceTree = "<group>"; };
		75FDCCC61EFA3443009FBDE5 /* aliPay.jpeg */ = {isa = PBXFileReference; lastKnownFileType = image.jpeg; path = aliPay.jpeg; sourceTree = "<group>"; };
		75FDCCCC1EFA67E3009FBDE5 /* qq.jpeg */ = {isa = PBXFileReference; lastKnownFileType = image.jpeg; path = qq.jpeg; sourceTree = "<group>"; };
		75FDCCCE1EFA7720009FBDE5 /* RightViewController.h */ = {isa = PBXFileReference; fileEncoding = 4; lastKnownFileType = sourcecode.c.h; path = RightViewController.h; sourceTree = "<group>"; };
		75FDCCCF1EFA7720009FBDE5 /* RightViewController.m */ = {isa = PBXFileReference; fileEncoding = 4; lastKnownFileType = sourcecode.c.objc; path = RightViewController.m; sourceTree = "<group>"; };
		75FDCCD11EFAB45A009FBDE5 /* LeftNagViewController.h */ = {isa = PBXFileReference; fileEncoding = 4; lastKnownFileType = sourcecode.c.h; path = LeftNagViewController.h; sourceTree = "<group>"; };
		75FDCCD21EFAB45A009FBDE5 /* LeftNagViewController.m */ = {isa = PBXFileReference; fileEncoding = 4; lastKnownFileType = sourcecode.c.objc; path = LeftNagViewController.m; sourceTree = "<group>"; };
		75FDCCD41EFAB980009FBDE5 /* BaseNavViewController.h */ = {isa = PBXFileReference; fileEncoding = 4; lastKnownFileType = sourcecode.c.h; path = BaseNavViewController.h; sourceTree = "<group>"; };
		75FDCCD51EFAB980009FBDE5 /* BaseNavViewController.m */ = {isa = PBXFileReference; fileEncoding = 4; lastKnownFileType = sourcecode.c.objc; path = BaseNavViewController.m; sourceTree = "<group>"; };
		75FDCCD81EFB4ECB009FBDE5 /* RECommonFunctions.h */ = {isa = PBXFileReference; fileEncoding = 4; lastKnownFileType = sourcecode.c.h; path = RECommonFunctions.h; sourceTree = "<group>"; };
		75FDCCD91EFB4ECB009FBDE5 /* RECommonFunctions.m */ = {isa = PBXFileReference; fileEncoding = 4; lastKnownFileType = sourcecode.c.objc; path = RECommonFunctions.m; sourceTree = "<group>"; };
		75FDCCDA1EFB4ECB009FBDE5 /* RESideMenu.h */ = {isa = PBXFileReference; fileEncoding = 4; lastKnownFileType = sourcecode.c.h; path = RESideMenu.h; sourceTree = "<group>"; };
		75FDCCDB1EFB4ECB009FBDE5 /* RESideMenu.m */ = {isa = PBXFileReference; fileEncoding = 4; lastKnownFileType = sourcecode.c.objc; path = RESideMenu.m; sourceTree = "<group>"; };
		75FDCCDC1EFB4ECB009FBDE5 /* UIViewController+RESideMenu.h */ = {isa = PBXFileReference; fileEncoding = 4; lastKnownFileType = sourcecode.c.h; path = "UIViewController+RESideMenu.h"; sourceTree = "<group>"; };
		75FDCCDD1EFB4ECB009FBDE5 /* UIViewController+RESideMenu.m */ = {isa = PBXFileReference; fileEncoding = 4; lastKnownFileType = sourcecode.c.objc; path = "UIViewController+RESideMenu.m"; sourceTree = "<group>"; };
		75FDCCE11EFB5319009FBDE5 /* Stars@2x.png */ = {isa = PBXFileReference; lastKnownFileType = image.png; path = "Stars@2x.png"; sourceTree = "<group>"; };
		75FDCCE31EFB5F6A009FBDE5 /* RESideMenu+MyFunction.h */ = {isa = PBXFileReference; fileEncoding = 4; lastKnownFileType = sourcecode.c.h; path = "RESideMenu+MyFunction.h"; sourceTree = "<group>"; };
		75FDCCE41EFB5F6A009FBDE5 /* RESideMenu+MyFunction.m */ = {isa = PBXFileReference; fileEncoding = 4; lastKnownFileType = sourcecode.c.objc; path = "RESideMenu+MyFunction.m"; sourceTree = "<group>"; };
		B02D0DBCC1E15E8A8BC3C74E /* Pods.debug.xcconfig */ = {isa = PBXFileReference; includeInIndex = 1; lastKnownFileType = text.xcconfig; name = Pods.debug.xcconfig; path = "Pods/Target Support Files/Pods/Pods.debug.xcconfig"; sourceTree = "<group>"; };
		DDA0F8024E5FBCA31D2828E0 /* libPods.a */ = {isa = PBXFileReference; explicitFileType = archive.ar; includeInIndex = 0; path = libPods.a; sourceTree = BUILT_PRODUCTS_DIR; };
/* End PBXFileReference section */

/* Begin PBXFrameworksBuildPhase section */
		759C3F0E1BBF702C00BDFCFD /* Frameworks */ = {
			isa = PBXFrameworksBuildPhase;
			buildActionMask = 2147483647;
			files = (
				75DBD9941BE50584007269F9 /* AddressBookUI.framework in Frameworks */,
				75DBD9921BE5057D007269F9 /* AddressBook.framework in Frameworks */,
				75DBD9901BE50570007269F9 /* libstdc++.tbd in Frameworks */,
				75DBD98E1BE50566007269F9 /* JavaScriptCore.framework in Frameworks */,
				75DBD98C1BE5055E007269F9 /* MessageUI.framework in Frameworks */,
				75DBD98A1BE50554007269F9 /* libz.tbd in Frameworks */,
				75DBD9881BE50542007269F9 /* libicucore.tbd in Frameworks */,
				75DBD9851BE50524007269F9 /* MOBFoundation.framework in Frameworks */,
				75DBD9861BE50524007269F9 /* SMS_SDK.framework in Frameworks */,
				75907F1F1BD6870F00529A28 /* iAd.framework in Frameworks */,
				927A9E3D7C703BE204DD4A18 /* libPods.a in Frameworks */,
			);
			runOnlyForDeploymentPostprocessing = 0;
		};
		759C3F271BBF702C00BDFCFD /* Frameworks */ = {
			isa = PBXFrameworksBuildPhase;
			buildActionMask = 2147483647;
			files = (
			);
			runOnlyForDeploymentPostprocessing = 0;
		};
/* End PBXFrameworksBuildPhase section */

/* Begin PBXGroup section */
		7521612A1BC69F1F002FA236 /* ME */ = {
			isa = PBXGroup;
			children = (
				755E88D91BD38B0B00C3D967 /* yaoyiyao */,
				7521612B1BC69F37002FA236 /* MeViewController.h */,
				7521612C1BC69F37002FA236 /* MeViewController.m */,
			);
			name = ME;
			sourceTree = "<group>";
		};
		752D62561BC0C0DC000F77FF /* ImageCom */ = {
			isa = PBXGroup;
			children = (
				752D62571BC0C4B5000F77FF /* CompareViewController.h */,
				752D62581BC0C4B5000F77FF /* CompareViewController.m */,
			);
			name = ImageCom;
			sourceTree = "<group>";
		};
		752D625A1BC0CFFF000F77FF /* Guide */ = {
			isa = PBXGroup;
			children = (
				752D625B1BC0D05E000F77FF /* GuideViewController.h */,
				752D625C1BC0D05E000F77FF /* GuideViewController.m */,
			);
			name = Guide;
			sourceTree = "<group>";
		};
		7532FFB89E6D931498F6D921 /* Frameworks */ = {
			isa = PBXGroup;
			children = (
				75B208CC1BF38FFB00745179 /* bundles.zip */,
				75DBD9931BE50584007269F9 /* AddressBookUI.framework */,
				75DBD9911BE5057D007269F9 /* AddressBook.framework */,
				75DBD98F1BE50570007269F9 /* libstdc++.tbd */,
				75DBD98D1BE50566007269F9 /* JavaScriptCore.framework */,
				75DBD98B1BE5055E007269F9 /* MessageUI.framework */,
				75DBD9891BE50554007269F9 /* libz.tbd */,
				75DBD9871BE50542007269F9 /* libicucore.tbd */,
				75907F1E1BD6870F00529A28 /* iAd.framework */,
				DDA0F8024E5FBCA31D2828E0 /* libPods.a */,
			);
			name = Frameworks;
			sourceTree = "<group>";
		};
		75561A971BC273DF00650B06 /* res */ = {
			isa = PBXGroup;
			children = (
				75290A2C1EEB709400B3099E /* forward.png */,
				756E0C7A1BE5A8F9003CBF50 /* smssdk.bundle */,
				756A4FC21BDCCDDC0068A5C6 /* 37x-Checkmark.png */,
				755E88E91BD38E8600C3D967 /* 更新背景2.png */,
				755E88EA1BD38E8600C3D967 /* 更新背景2@2x.png */,
				755E88DF1BD38CE600C3D967 /* glass.wav */,
				755E88E01BD38CE600C3D967 /* Shake_01.png */,
				755E88E11BD38CE600C3D967 /* Shake_01@2x.png */,
				755E88E21BD38CE600C3D967 /* Shake_02.png */,
				755E88E31BD38CE600C3D967 /* Shake_02@2x.png */,
				75F573581E0ACA750024A7DE /* pic_login_bg.png */,
				756C9CEC1BC955EA0005DDDE /* money.png */,
				75561A9A1BC2744B00650B06 /* LDefault.png */,
				75561A9C1BC2753F00650B06 /* L3.png */,
				751D050C1BC8094C0035461E /* L1.png */,
				751D050E1BC8095B0035461E /* L2.png */,
				75FDCC9C1EFA2235009FBDE5 /* weChat.jpeg */,
				75FDCCC41EFA3443009FBDE5 /* mengpai.jpeg */,
				75FDCCC51EFA3443009FBDE5 /* toutiao.jpeg */,
				75FDCCC61EFA3443009FBDE5 /* aliPay.jpeg */,
				75FDCCCC1EFA67E3009FBDE5 /* qq.jpeg */,
				75FDCCE11EFB5319009FBDE5 /* Stars@2x.png */,
			);
			name = res;
			sourceTree = "<group>";
		};
		755E88D91BD38B0B00C3D967 /* yaoyiyao */ = {
			isa = PBXGroup;
			children = (
				755E88DA1BD38B1C00C3D967 /* AnimationPauseViewController.h */,
				755E88DB1BD38B1C00C3D967 /* AnimationPauseViewController.m */,
			);
			name = yaoyiyao;
			sourceTree = "<group>";
		};
		756A4FB71BDCA4330068A5C6 /* Setting */ = {
			isa = PBXGroup;
			children = (
				756A4FBB1BDCA4DD0068A5C6 /* SettingTableViewController.h */,
				756A4FBC1BDCA4DD0068A5C6 /* SettingTableViewController.m */,
			);
			name = Setting;
			sourceTree = "<group>";
		};
		756A4FBE1BDCCA990068A5C6 /* HUD */ = {
			isa = PBXGroup;
			children = (
				756A4FBF1BDCCAB70068A5C6 /* MBProgressHUD.h */,
				756A4FC01BDCCAB70068A5C6 /* MBProgressHUD.m */,
			);
			name = HUD;
			sourceTree = "<group>";
		};
		756E0C5C1BE59E96003CBF50 /* Reg */ = {
			isa = PBXGroup;
			children = (
				756E0C771BE5A6A6003CBF50 /* MainRegViewController.h */,
				756E0C781BE5A6A6003CBF50 /* MainRegViewController.m */,
				756E0C671BE5A153003CBF50 /* VerifyViewController.h */,
				756E0C681BE5A153003CBF50 /* VerifyViewController.m */,
				756E0C6A1BE5A1C0003CBF50 /* SMS_UILib */,
				756E0C5D1BE59EDA003CBF50 /* Rigister By SMS */,
			);
			name = Reg;
			sourceTree = "<group>";
		};
		756E0C5D1BE59EDA003CBF50 /* Rigister By SMS */ = {
			isa = PBXGroup;
			children = (
				756E0C611BE59F03003CBF50 /* SectionsViewController.h */,
				756E0C621BE59F03003CBF50 /* SectionsViewController.m */,
				756E0C5E1BE59EDA003CBF50 /* RegViewController.h */,
				756E0C5F1BE59EDA003CBF50 /* RegViewController.m */,
			);
			path = "Rigister By SMS";
			sourceTree = "<group>";
		};
		756E0C6A1BE5A1C0003CBF50 /* SMS_UILib */ = {
			isa = PBXGroup;
			children = (
				756E0C6D1BE5A1C0003CBF50 /* SMS_HYZBadgeView.h */,
				756E0C6E1BE5A1C0003CBF50 /* SMS_HYZBadgeView.m */,
				756E0C6F1BE5A1C0003CBF50 /* SMS_MBProgressHUD+Add.h */,
				756E0C701BE5A1C0003CBF50 /* SMS_MBProgressHUD+Add.m */,
				756E0C711BE5A1C0003CBF50 /* SMS_MBProgressHUD.h */,
				756E0C721BE5A1C0003CBF50 /* SMS_MBProgressHUD.m */,
			);
			path = SMS_UILib;
			sourceTree = "<group>";
		};
		759C3F081BBF702C00BDFCFD = {
			isa = PBXGroup;
			children = (
				759C3F131BBF702C00BDFCFD /* Compare */,
				759C3F2D1BBF702C00BDFCFD /* CompareTests */,
				759C3F121BBF702C00BDFCFD /* Products */,
				9CC5BDA0BEFF3591ABD1B9D2 /* Pods */,
				7532FFB89E6D931498F6D921 /* Frameworks */,
			);
			sourceTree = "<group>";
		};
		759C3F121BBF702C00BDFCFD /* Products */ = {
			isa = PBXGroup;
			children = (
				759C3F111BBF702C00BDFCFD /* Compare.app */,
				759C3F2A1BBF702C00BDFCFD /* CompareTests.xctest */,
			);
			name = Products;
			sourceTree = "<group>";
		};
		759C3F131BBF702C00BDFCFD /* Compare */ = {
			isa = PBXGroup;
			children = (
				75FDCC8D1EFA12E7009FBDE5 /* OpenApps */,
				75561A971BC273DF00650B06 /* res */,
				75F573551E0AC9FB0024A7DE /* Login */,
				756E0C5C1BE59E96003CBF50 /* Reg */,
				756A4FB71BDCA4330068A5C6 /* Setting */,
				7521612A1BC69F1F002FA236 /* ME */,
				752D625A1BC0CFFF000F77FF /* Guide */,
				752D62561BC0C0DC000F77FF /* ImageCom */,
				759C3F671BBFBC5B00BDFCFD /* WangGou */,
				759C3F4F1BBF803100BDFCFD /* LeftNav */,
				759C3F481BBF79AB00BDFCFD /* 3td */,
				759C3F3E1BBF76FA00BDFCFD /* Base */,
				759C3F3A1BBF729100BDFCFD /* Tuan */,
				759C3F181BBF702C00BDFCFD /* AppDelegate.h */,
				759C3F191BBF702C00BDFCFD /* AppDelegate.m */,
				759C3F1B1BBF702C00BDFCFD /* ViewController.h */,
				759C3F1C1BBF702C00BDFCFD /* ViewController.m */,
				759C3F451BBF793B00BDFCFD /* MainViewController.h */,
				759C3F461BBF793B00BDFCFD /* MainViewController.m */,
				75A76E641E0C1964004CC791 /* PrefixHeader.pch */,
				75A76E651E0C1980004CC791 /* CompareHeader.h */,
				759C3F1E1BBF702C00BDFCFD /* Main.storyboard */,
				75561A951BC272E100650B06 /* LaunchScreen.xib */,
				759C3F211BBF702C00BDFCFD /* Images.xcassets */,
				759C3F141BBF702C00BDFCFD /* Supporting Files */,
				756C9CE31BC9494E0005DDDE /* InfoPlist.strings */,
			);
			path = Compare;
			sourceTree = "<group>";
		};
		759C3F141BBF702C00BDFCFD /* Supporting Files */ = {
			isa = PBXGroup;
			children = (
				759C3F151BBF702C00BDFCFD /* Info.plist */,
				759C3F161BBF702C00BDFCFD /* main.m */,
				756E0C801BE5ACE7003CBF50 /* country.plist */,
				756C9CD01BC93FAB0005DDDE /* Localizable.strings */,
			);
			name = "Supporting Files";
			sourceTree = "<group>";
		};
		759C3F2D1BBF702C00BDFCFD /* CompareTests */ = {
			isa = PBXGroup;
			children = (
				759C3F301BBF702C00BDFCFD /* CompareTests.m */,
				759C3F2E1BBF702C00BDFCFD /* Supporting Files */,
			);
			path = CompareTests;
			sourceTree = "<group>";
		};
		759C3F2E1BBF702C00BDFCFD /* Supporting Files */ = {
			isa = PBXGroup;
			children = (
				759C3F2F1BBF702C00BDFCFD /* Info.plist */,
			);
			name = "Supporting Files";
			sourceTree = "<group>";
		};
		759C3F3A1BBF729100BDFCFD /* Tuan */ = {
			isa = PBXGroup;
			children = (
				759C3F531BBFA7F700BDFCFD /* TuanViewController.h */,
				759C3F541BBFA7F700BDFCFD /* TuanViewController.m */,
			);
			name = Tuan;
			sourceTree = "<group>";
		};
		759C3F3E1BBF76FA00BDFCFD /* Base */ = {
			isa = PBXGroup;
			children = (
				756206851BD90AB000259C42 /* BaseViewController.h */,
				756206861BD90AB000259C42 /* BaseViewController.m */,
				759C3F3B1BBF72D100BDFCFD /* BaseWebViewController.h */,
				759C3F3C1BBF72D100BDFCFD /* BaseWebViewController.m */,
				759C3F3F1BBF772800BDFCFD /* Utility.h */,
				759C3F401BBF772800BDFCFD /* Utility.m */,
				759C3F5D1BBFB56C00BDFCFD /* HomeButton.h */,
				759C3F5E1BBFB56C00BDFCFD /* HomeButton.m */,
				756E0C641BE5A03F003CBF50 /* NSDictionary+DeepMutableCopy.h */,
				756E0C651BE5A03F003CBF50 /* NSDictionary+DeepMutableCopy.m */,
				75FDCCD41EFAB980009FBDE5 /* BaseNavViewController.h */,
				75FDCCD51EFAB980009FBDE5 /* BaseNavViewController.m */,
			);
			name = Base;
			sourceTree = "<group>";
		};
		759C3F481BBF79AB00BDFCFD /* 3td */ = {
			isa = PBXGroup;
			children = (
				75FDCCD71EFB4ECB009FBDE5 /* RESideMenu */,
				75FDCC9E1EFA2419009FBDE5 /* Masonry */,
				75DBD97E1BE50524007269F9 /* SMS_SDK */,
				756A4FBE1BDCCA990068A5C6 /* HUD */,
				75B851601BC3A12900ECEFE1 /* GMDCircleLoader */,
				759C3F6B1BBFD0FC00BDFCFD /* WangGouMenu */,
				759C3F561BBFA8CC00BDFCFD /* JKPopMenu */,
				759C3F491BBF79CC00BDFCFD /* RNFrostedSidebar.h */,
				759C3F4A1BBF79CC00BDFCFD /* RNFrostedSidebar.m */,
			);
			name = 3td;
			sourceTree = "<group>";
		};
		759C3F4F1BBF803100BDFCFD /* LeftNav */ = {
			isa = PBXGroup;
			children = (
				759C3F501BBF804500BDFCFD /* LeftViewController.h */,
				759C3F511BBF804500BDFCFD /* LeftViewController.m */,
				75FDCCD11EFAB45A009FBDE5 /* LeftNagViewController.h */,
				75FDCCD21EFAB45A009FBDE5 /* LeftNagViewController.m */,
				75FDCCCE1EFA7720009FBDE5 /* RightViewController.h */,
				75FDCCCF1EFA7720009FBDE5 /* RightViewController.m */,
			);
			name = LeftNav;
			sourceTree = "<group>";
		};
		759C3F561BBFA8CC00BDFCFD /* JKPopMenu */ = {
			isa = PBXGroup;
			children = (
				759C3F571BBFA8CC00BDFCFD /* JKPopMenuItem.h */,
				759C3F581BBFA8CC00BDFCFD /* JKPopMenuItem.m */,
				759C3F591BBFA8CC00BDFCFD /* JKPopMenuView.h */,
				759C3F5A1BBFA8CC00BDFCFD /* JKPopMenuView.m */,
			);
			path = JKPopMenu;
			sourceTree = "<group>";
		};
		759C3F671BBFBC5B00BDFCFD /* WangGou */ = {
			isa = PBXGroup;
			children = (
				759C3F681BBFBC8F00BDFCFD /* WangGouViewController.h */,
				759C3F691BBFBC8F00BDFCFD /* WangGouViewController.m */,
				759C3F9B1BBFD2B600BDFCFD /* BaseWangViewController.h */,
				759C3F9C1BBFD2B600BDFCFD /* BaseWangViewController.m */,
			);
			name = WangGou;
			sourceTree = "<group>";
		};
		759C3F6B1BBFD0FC00BDFCFD /* WangGouMenu */ = {
			isa = PBXGroup;
			children = (
				759C3F6F1BBFD13900BDFCFD /* image */,
				759C3F6C1BBFD12100BDFCFD /* UIImage+ImageEffects.h */,
				759C3F6D1BBFD12100BDFCFD /* UIImage+ImageEffects.m */,
				759C3F921BBFD15200BDFCFD /* SFSCircleLayout.h */,
				759C3F931BBFD15200BDFCFD /* SFSCircleLayout.m */,
				759C3F951BBFD15C00BDFCFD /* SFSCollectionMenuController.h */,
				759C3F961BBFD15C00BDFCFD /* SFSCollectionMenuController.m */,
				759C3F981BBFD18600BDFCFD /* SFSMenuCell.h */,
				759C3F991BBFD18600BDFCFD /* SFSMenuCell.m */,
			);
			name = WangGouMenu;
			sourceTree = "<group>";
		};
		759C3F6F1BBFD13900BDFCFD /* image */ = {
			isa = PBXGroup;
			children = (
				751D050A1BC8088B0035461E /* weipin.png */,
				751D05081BC806F10035461E /* yixun.png */,
				751D05061BC804130035461E /* tianMao.png */,
				75561A911BC22A4100650B06 /* suning.png */,
				75561A8F1BC2297400650B06 /* taobao.png */,
				75561A8D1BC2268C00650B06 /* jd.png */,
				759C3F701BBFD14600BDFCFD /* closeButtonGray.png */,
				759C3F711BBFD14600BDFCFD /* closeButtonGray@2x.png */,
				759C3F721BBFD14600BDFCFD /* bgcircle.png */,
				759C3F731BBFD14600BDFCFD /* bgcircle.pxm */,
				759C3F741BBFD14600BDFCFD /* bgcircle@2x.png */,
				759C3F751BBFD14600BDFCFD /* camera.png */,
				759C3F761BBFD14600BDFCFD /* camera@2x.png */,
				759C3F791BBFD14600BDFCFD /* phone.png */,
				759C3F7A1BBFD14600BDFCFD /* phone@2x.png */,
				759C3F7B1BBFD14600BDFCFD /* star.png */,
				759C3F7C1BBFD14600BDFCFD /* star@2x.png */,
				759C3F7D1BBFD14600BDFCFD /* tag.png */,
				759C3F7E1BBFD14600BDFCFD /* tag@2x.png */,
				759C3F7F1BBFD14600BDFCFD /* voicemail.png */,
				759C3F801BBFD14600BDFCFD /* voicemail@2x.png */,
			);
			name = image;
			sourceTree = "<group>";
		};
		75B851601BC3A12900ECEFE1 /* GMDCircleLoader */ = {
			isa = PBXGroup;
			children = (
				75B851611BC3A12900ECEFE1 /* GMDCircleLoader.h */,
				75B851621BC3A12900ECEFE1 /* GMDCircleLoader.m */,
			);
			path = GMDCircleLoader;
			sourceTree = "<group>";
		};
		75DBD97E1BE50524007269F9 /* SMS_SDK */ = {
			isa = PBXGroup;
			children = (
				75DBD97F1BE50524007269F9 /* SMS_SDKLocalizable.strings */,
				75DBD9811BE50524007269F9 /* MOBFoundation.framework */,
				75DBD9821BE50524007269F9 /* SMS_SDK.framework */,
			);
			path = SMS_SDK;
			sourceTree = "<group>";
		};
		75F573551E0AC9FB0024A7DE /* Login */ = {
			isa = PBXGroup;
			children = (
				75F573561E0ACA050024A7DE /* Login.storyboard */,
				75A76E3A1E0C14C2004CC791 /* LoginViewController.h */,
				75A76E3B1E0C14C2004CC791 /* LoginViewController.m */,
				75A76E661E0C1D0E004CC791 /* FindMyPassWordViewController.h */,
				75A76E671E0C1D0E004CC791 /* FindMyPassWordViewController.m */,
				75A76E691E0C2863004CC791 /* UserAgreementController.h */,
				75A76E6A1E0C2863004CC791 /* UserAgreementController.m */,
				75A76E6C1E0C28D8004CC791 /* USERAGREEMENT.html */,
			);
			path = Login;
			sourceTree = "<group>";
		};
		75FDCC8D1EFA12E7009FBDE5 /* OpenApps */ = {
			isa = PBXGroup;
			children = (
				75FDCC921EFA15FF009FBDE5 /* View */,
				75FDCC8E1EFA12EE009FBDE5 /* VC */,
			);
			path = OpenApps;
			sourceTree = "<group>";
		};
		75FDCC8E1EFA12EE009FBDE5 /* VC */ = {
			isa = PBXGroup;
			children = (
				75FDCC8F1EFA140A009FBDE5 /* AppsViewController.h */,
				75FDCC901EFA140A009FBDE5 /* AppsViewController.m */,
			);
			name = VC;
			sourceTree = "<group>";
		};
		75FDCC921EFA15FF009FBDE5 /* View */ = {
			isa = PBXGroup;
			children = (
				75FDCC931EFA1620009FBDE5 /* AppsCollectionViewCell.h */,
				75FDCC941EFA1620009FBDE5 /* AppsCollectionViewCell.m */,
				75FDCC951EFA1620009FBDE5 /* AppsCollectionViewCell.xib */,
			);
			name = View;
			sourceTree = "<group>";
		};
		75FDCC9E1EFA2419009FBDE5 /* Masonry */ = {
			isa = PBXGroup;
			children = (
				75FDCC9F1EFA2419009FBDE5 /* Info.plist */,
				75FDCCA01EFA2419009FBDE5 /* MASCompositeConstraint.h */,
				75FDCCA11EFA2419009FBDE5 /* MASCompositeConstraint.m */,
				75FDCCA21EFA2419009FBDE5 /* MASConstraint+Private.h */,
				75FDCCA31EFA2419009FBDE5 /* MASConstraint.h */,
				75FDCCA41EFA2419009FBDE5 /* MASConstraint.m */,
				75FDCCA51EFA2419009FBDE5 /* MASConstraintMaker.h */,
				75FDCCA61EFA2419009FBDE5 /* MASConstraintMaker.m */,
				75FDCCA71EFA2419009FBDE5 /* MASLayoutConstraint.h */,
				75FDCCA81EFA2419009FBDE5 /* MASLayoutConstraint.m */,
				75FDCCA91EFA2419009FBDE5 /* Masonry.h */,
				75FDCCAA1EFA2419009FBDE5 /* MASUtilities.h */,
				75FDCCAB1EFA2419009FBDE5 /* MASViewAttribute.h */,
				75FDCCAC1EFA2419009FBDE5 /* MASViewAttribute.m */,
				75FDCCAD1EFA2419009FBDE5 /* MASViewConstraint.h */,
				75FDCCAE1EFA2419009FBDE5 /* MASViewConstraint.m */,
				75FDCCAF1EFA2419009FBDE5 /* NSArray+MASAdditions.h */,
				75FDCCB01EFA2419009FBDE5 /* NSArray+MASAdditions.m */,
				75FDCCB11EFA2419009FBDE5 /* NSArray+MASShorthandAdditions.h */,
				75FDCCB21EFA2419009FBDE5 /* NSLayoutConstraint+MASDebugAdditions.h */,
				75FDCCB31EFA2419009FBDE5 /* NSLayoutConstraint+MASDebugAdditions.m */,
				75FDCCB41EFA2419009FBDE5 /* View+MASAdditions.h */,
				75FDCCB51EFA2419009FBDE5 /* View+MASAdditions.m */,
				75FDCCB61EFA2419009FBDE5 /* View+MASShorthandAdditions.h */,
				75FDCCB71EFA2419009FBDE5 /* ViewController+MASAdditions.h */,
				75FDCCB81EFA2419009FBDE5 /* ViewController+MASAdditions.m */,
			);
			path = Masonry;
			sourceTree = "<group>";
		};
		75FDCCD71EFB4ECB009FBDE5 /* RESideMenu */ = {
			isa = PBXGroup;
			children = (
				75FDCCD81EFB4ECB009FBDE5 /* RECommonFunctions.h */,
				75FDCCD91EFB4ECB009FBDE5 /* RECommonFunctions.m */,
				75FDCCE31EFB5F6A009FBDE5 /* RESideMenu+MyFunction.h */,
				75FDCCE41EFB5F6A009FBDE5 /* RESideMenu+MyFunction.m */,
				75FDCCDA1EFB4ECB009FBDE5 /* RESideMenu.h */,
				75FDCCDB1EFB4ECB009FBDE5 /* RESideMenu.m */,
				75FDCCDC1EFB4ECB009FBDE5 /* UIViewController+RESideMenu.h */,
				75FDCCDD1EFB4ECB009FBDE5 /* UIViewController+RESideMenu.m */,
			);
			path = RESideMenu;
			sourceTree = "<group>";
		};
		9CC5BDA0BEFF3591ABD1B9D2 /* Pods */ = {
			isa = PBXGroup;
			children = (
				B02D0DBCC1E15E8A8BC3C74E /* Pods.debug.xcconfig */,
				6F3223F9A0ECD578F690484E /* Pods.release.xcconfig */,
			);
			name = Pods;
			sourceTree = "<group>";
		};
/* End PBXGroup section */

/* Begin PBXNativeTarget section */
		759C3F101BBF702C00BDFCFD /* Compare */ = {
			isa = PBXNativeTarget;
			buildConfigurationList = 759C3F341BBF702C00BDFCFD /* Build configuration list for PBXNativeTarget "Compare" */;
			buildPhases = (
				D7120105D0605D0FE91B0CDE /* Check Pods Manifest.lock */,
				759C3F0D1BBF702C00BDFCFD /* Sources */,
				759C3F0E1BBF702C00BDFCFD /* Frameworks */,
				759C3F0F1BBF702C00BDFCFD /* Resources */,
				FB89104A5946396993A63B44 /* Copy Pods Resources */,
			);
			buildRules = (
			);
			dependencies = (
			);
			name = Compare;
			productName = Compare;
			productReference = 759C3F111BBF702C00BDFCFD /* Compare.app */;
			productType = "com.apple.product-type.application";
		};
		759C3F291BBF702C00BDFCFD /* CompareTests */ = {
			isa = PBXNativeTarget;
			buildConfigurationList = 759C3F371BBF702C00BDFCFD /* Build configuration list for PBXNativeTarget "CompareTests" */;
			buildPhases = (
				759C3F261BBF702C00BDFCFD /* Sources */,
				759C3F271BBF702C00BDFCFD /* Frameworks */,
				759C3F281BBF702C00BDFCFD /* Resources */,
			);
			buildRules = (
			);
			dependencies = (
				759C3F2C1BBF702C00BDFCFD /* PBXTargetDependency */,
			);
			name = CompareTests;
			productName = CompareTests;
			productReference = 759C3F2A1BBF702C00BDFCFD /* CompareTests.xctest */;
			productType = "com.apple.product-type.bundle.unit-test";
		};
/* End PBXNativeTarget section */

/* Begin PBXProject section */
		759C3F091BBF702C00BDFCFD /* Project object */ = {
			isa = PBXProject;
			attributes = {
				LastUpgradeCheck = 0630;
				ORGANIZATIONNAME = huangshuimei;
				TargetAttributes = {
					759C3F101BBF702C00BDFCFD = {
						CreatedOnToolsVersion = 6.3.2;
						DevelopmentTeam = ZL56XNKDD2;
						ProvisioningStyle = Automatic;
					};
					759C3F291BBF702C00BDFCFD = {
						CreatedOnToolsVersion = 6.3.2;
						DevelopmentTeam = ZL56XNKDD2;
						TestTargetID = 759C3F101BBF702C00BDFCFD;
					};
				};
			};
			buildConfigurationList = 759C3F0C1BBF702C00BDFCFD /* Build configuration list for PBXProject "Compare" */;
			compatibilityVersion = "Xcode 3.2";
			developmentRegion = English;
			hasScannedForEncodings = 0;
			knownRegions = (
				en,
				Base,
				"zh-Hans",
			);
			mainGroup = 759C3F081BBF702C00BDFCFD;
			productRefGroup = 759C3F121BBF702C00BDFCFD /* Products */;
			projectDirPath = "";
			projectRoot = "";
			targets = (
				759C3F101BBF702C00BDFCFD /* Compare */,
				759C3F291BBF702C00BDFCFD /* CompareTests */,
			);
		};
/* End PBXProject section */

/* Begin PBXResourcesBuildPhase section */
		759C3F0F1BBF702C00BDFCFD /* Resources */ = {
			isa = PBXResourcesBuildPhase;
			buildActionMask = 2147483647;
			files = (
				75B208CD1BF38FFC00745179 /* bundles.zip in Resources */,
				759C3F201BBF702C00BDFCFD /* Main.storyboard in Resources */,
				759C3F8F1BBFD14600BDFCFD /* tag@2x.png in Resources */,
				759C3F871BBFD14600BDFCFD /* camera@2x.png in Resources */,
				751D050F1BC8095B0035461E /* L2.png in Resources */,
				759C3F8D1BBFD14600BDFCFD /* star@2x.png in Resources */,
				751D050D1BC8094C0035461E /* L1.png in Resources */,
				75FDCCC91EFA3443009FBDE5 /* aliPay.jpeg in Resources */,
				75561A9F1BC2753F00650B06 /* L3.png in Resources */,
				75561A901BC2297400650B06 /* taobao.png in Resources */,
				755E88E81BD38CE600C3D967 /* Shake_02@2x.png in Resources */,
				756C9CED1BC955EA0005DDDE /* money.png in Resources */,
				755E88E41BD38CE600C3D967 /* glass.wav in Resources */,
				75561A921BC22A4100650B06 /* suning.png in Resources */,
				755E88E51BD38CE600C3D967 /* Shake_01.png in Resources */,
				759C3F221BBF702C00BDFCFD /* Images.xcassets in Resources */,
				75290A2D1EEB709400B3099E /* forward.png in Resources */,
				751D05091BC806F10035461E /* yixun.png in Resources */,
				75F573591E0ACA750024A7DE /* pic_login_bg.png in Resources */,
				756E0C7E1BE5ACE7003CBF50 /* country.plist in Resources */,
				75561A9B1BC2744B00650B06 /* LDefault.png in Resources */,
				759C3F811BBFD14600BDFCFD /* closeButtonGray.png in Resources */,
				75A76E6D1E0C28D8004CC791 /* USERAGREEMENT.html in Resources */,
				759C3F8A1BBFD14600BDFCFD /* phone.png in Resources */,
				756E0C7B1BE5A8F9003CBF50 /* smssdk.bundle in Resources */,
				75FDCCCD1EFA67E3009FBDE5 /* qq.jpeg in Resources */,
				759C3F8E1BBFD14600BDFCFD /* tag.png in Resources */,
				759C3F861BBFD14600BDFCFD /* camera.png in Resources */,
				75FDCCC71EFA3443009FBDE5 /* mengpai.jpeg in Resources */,
				755E88E61BD38CE600C3D967 /* Shake_01@2x.png in Resources */,
				755E88E71BD38CE600C3D967 /* Shake_02.png in Resources */,
				755E88EC1BD38E8600C3D967 /* 更新背景2@2x.png in Resources */,
				759C3F841BBFD14600BDFCFD /* bgcircle.pxm in Resources */,
				751D050B1BC8088B0035461E /* weipin.png in Resources */,
				759C3F831BBFD14600BDFCFD /* bgcircle.png in Resources */,
				751D05071BC804130035461E /* tianMao.png in Resources */,
				759C3F821BBFD14600BDFCFD /* closeButtonGray@2x.png in Resources */,
				755E88EB1BD38E8600C3D967 /* 更新背景2.png in Resources */,
				75F573571E0ACA050024A7DE /* Login.storyboard in Resources */,
				75561A961BC272E100650B06 /* LaunchScreen.xib in Resources */,
				756C9CCE1BC93FAB0005DDDE /* Localizable.strings in Resources */,
				75FDCC971EFA1620009FBDE5 /* AppsCollectionViewCell.xib in Resources */,
				75FDCCE21EFB5319009FBDE5 /* Stars@2x.png in Resources */,
				759C3F911BBFD14600BDFCFD /* voicemail@2x.png in Resources */,
				75FDCCC81EFA3443009FBDE5 /* toutiao.jpeg in Resources */,
				75DBD9841BE50524007269F9 /* SMS_SDKLocalizable.strings in Resources */,
				759C3F901BBFD14600BDFCFD /* voicemail.png in Resources */,
				75FDCC9D1EFA2235009FBDE5 /* weChat.jpeg in Resources */,
				759C3F8C1BBFD14600BDFCFD /* star.png in Resources */,
				759C3F851BBFD14600BDFCFD /* bgcircle@2x.png in Resources */,
				756A4FC31BDCCDDC0068A5C6 /* 37x-Checkmark.png in Resources */,
				75561A8E1BC2268C00650B06 /* jd.png in Resources */,
				759C3F8B1BBFD14600BDFCFD /* phone@2x.png in Resources */,
				75FDCCB91EFA2419009FBDE5 /* Info.plist in Resources */,
				756C9CE11BC9494E0005DDDE /* InfoPlist.strings in Resources */,
			);
			runOnlyForDeploymentPostprocessing = 0;
		};
		759C3F281BBF702C00BDFCFD /* Resources */ = {
			isa = PBXResourcesBuildPhase;
			buildActionMask = 2147483647;
			files = (
			);
			runOnlyForDeploymentPostprocessing = 0;
		};
/* End PBXResourcesBuildPhase section */

/* Begin PBXShellScriptBuildPhase section */
		D7120105D0605D0FE91B0CDE /* Check Pods Manifest.lock */ = {
			isa = PBXShellScriptBuildPhase;
			buildActionMask = 2147483647;
			files = (
			);
			inputPaths = (
			);
			name = "Check Pods Manifest.lock";
			outputPaths = (
			);
			runOnlyForDeploymentPostprocessing = 0;
			shellPath = /bin/sh;
			shellScript = "diff \"${PODS_ROOT}/../Podfile.lock\" \"${PODS_ROOT}/Manifest.lock\" > /dev/null\nif [[ $? != 0 ]] ; then\n    cat << EOM\nerror: The sandbox is not in sync with the Podfile.lock. Run 'pod install' or update your CocoaPods installation.\nEOM\n    exit 1\nfi\n";
			showEnvVarsInLog = 0;
		};
		FB89104A5946396993A63B44 /* Copy Pods Resources */ = {
			isa = PBXShellScriptBuildPhase;
			buildActionMask = 8;
			files = (
			);
			inputPaths = (
			);
			name = "Copy Pods Resources";
			outputPaths = (
			);
			runOnlyForDeploymentPostprocessing = 1;
			shellPath = /bin/sh;
			shellScript = "\"${SRCROOT}/Pods/Target Support Files/Pods/Pods-resources.sh\"\n";
			showEnvVarsInLog = 0;
		};
/* End PBXShellScriptBuildPhase section */

/* Begin PBXSourcesBuildPhase section */
		759C3F0D1BBF702C00BDFCFD /* Sources */ = {
			isa = PBXSourcesBuildPhase;
			buildActionMask = 2147483647;
			files = (
				752D62591BC0C4B5000F77FF /* CompareViewController.m in Sources */,
				759C3F971BBFD15C00BDFCFD /* SFSCollectionMenuController.m in Sources */,
				756E0C661BE5A03F003CBF50 /* NSDictionary+DeepMutableCopy.m in Sources */,
				75FDCCBA1EFA2419009FBDE5 /* MASCompositeConstraint.m in Sources */,
				75FDCCBC1EFA2419009FBDE5 /* MASConstraintMaker.m in Sources */,
				75FDCCBE1EFA2419009FBDE5 /* MASViewAttribute.m in Sources */,
				759C3F521BBF804500BDFCFD /* LeftViewController.m in Sources */,
				75FDCCBF1EFA2419009FBDE5 /* MASViewConstraint.m in Sources */,
				756E0C741BE5A1C0003CBF50 /* SMS_HYZBadgeView.m in Sources */,
				759C3F1D1BBF702C00BDFCFD /* ViewController.m in Sources */,
				759C3F5C1BBFA8CC00BDFCFD /* JKPopMenuView.m in Sources */,
				756E0C631BE59F03003CBF50 /* SectionsViewController.m in Sources */,
				759C3F551BBFA7F700BDFCFD /* TuanViewController.m in Sources */,
				75FDCCDE1EFB4ECB009FBDE5 /* RECommonFunctions.m in Sources */,
				75FDCCC21EFA2419009FBDE5 /* View+MASAdditions.m in Sources */,
				759C3F9D1BBFD2B600BDFCFD /* BaseWangViewController.m in Sources */,
				759C3F471BBF793B00BDFCFD /* MainViewController.m in Sources */,
				756E0C691BE5A153003CBF50 /* VerifyViewController.m in Sources */,
				756E0C791BE5A6A6003CBF50 /* MainRegViewController.m in Sources */,
				752D625D1BC0D05E000F77FF /* GuideViewController.m in Sources */,
				75FDCC961EFA1620009FBDE5 /* AppsCollectionViewCell.m in Sources */,
				75FDCC911EFA140A009FBDE5 /* AppsViewController.m in Sources */,
				759C3F3D1BBF72D100BDFCFD /* BaseWebViewController.m in Sources */,
				75FDCCD31EFAB45A009FBDE5 /* LeftNagViewController.m in Sources */,
				759C3F5F1BBFB56C00BDFCFD /* HomeButton.m in Sources */,
				756206871BD90AB000259C42 /* BaseViewController.m in Sources */,
				75FDCCC11EFA2419009FBDE5 /* NSLayoutConstraint+MASDebugAdditions.m in Sources */,
				7521612D1BC69F37002FA236 /* MeViewController.m in Sources */,
				75FDCCD01EFA7720009FBDE5 /* RightViewController.m in Sources */,
				756E0C761BE5A1C0003CBF50 /* SMS_MBProgressHUD.m in Sources */,
				75A76E6B1E0C2863004CC791 /* UserAgreementController.m in Sources */,
				756A4FC11BDCCAB70068A5C6 /* MBProgressHUD.m in Sources */,
				75FDCCE01EFB4ECB009FBDE5 /* UIViewController+RESideMenu.m in Sources */,
				756E0C751BE5A1C0003CBF50 /* SMS_MBProgressHUD+Add.m in Sources */,
				75FDCCBB1EFA2419009FBDE5 /* MASConstraint.m in Sources */,
				75FDCCDF1EFB4ECB009FBDE5 /* RESideMenu.m in Sources */,
				756E0C601BE59EDA003CBF50 /* RegViewController.m in Sources */,
				759C3F941BBFD15200BDFCFD /* SFSCircleLayout.m in Sources */,
				755E88DC1BD38B1C00C3D967 /* AnimationPauseViewController.m in Sources */,
				75A76E681E0C1D0E004CC791 /* FindMyPassWordViewController.m in Sources */,
				75FDCCC31EFA2419009FBDE5 /* ViewController+MASAdditions.m in Sources */,
				756A4FBD1BDCA4DD0068A5C6 /* SettingTableViewController.m in Sources */,
				75FDCCE51EFB5F6A009FBDE5 /* RESideMenu+MyFunction.m in Sources */,
				759C3F6A1BBFBC8F00BDFCFD /* WangGouViewController.m in Sources */,
				759C3F5B1BBFA8CC00BDFCFD /* JKPopMenuItem.m in Sources */,
				75B851631BC3A12900ECEFE1 /* GMDCircleLoader.m in Sources */,
				759C3F411BBF772800BDFCFD /* Utility.m in Sources */,
				75FDCCD61EFAB980009FBDE5 /* BaseNavViewController.m in Sources */,
				759C3F9A1BBFD18600BDFCFD /* SFSMenuCell.m in Sources */,
				759C3F6E1BBFD12100BDFCFD /* UIImage+ImageEffects.m in Sources */,
				75A76E3C1E0C14C2004CC791 /* LoginViewController.m in Sources */,
				75FDCCBD1EFA2419009FBDE5 /* MASLayoutConstraint.m in Sources */,
				759C3F4B1BBF79CC00BDFCFD /* RNFrostedSidebar.m in Sources */,
				759C3F1A1BBF702C00BDFCFD /* AppDelegate.m in Sources */,
				75FDCCC01EFA2419009FBDE5 /* NSArray+MASAdditions.m in Sources */,
				759C3F171BBF702C00BDFCFD /* main.m in Sources */,
			);
			runOnlyForDeploymentPostprocessing = 0;
		};
		759C3F261BBF702C00BDFCFD /* Sources */ = {
			isa = PBXSourcesBuildPhase;
			buildActionMask = 2147483647;
			files = (
				759C3F311BBF702C00BDFCFD /* CompareTests.m in Sources */,
			);
			runOnlyForDeploymentPostprocessing = 0;
		};
/* End PBXSourcesBuildPhase section */

/* Begin PBXTargetDependency section */
		759C3F2C1BBF702C00BDFCFD /* PBXTargetDependency */ = {
			isa = PBXTargetDependency;
			target = 759C3F101BBF702C00BDFCFD /* Compare */;
			targetProxy = 759C3F2B1BBF702C00BDFCFD /* PBXContainerItemProxy */;
		};
/* End PBXTargetDependency section */

/* Begin PBXVariantGroup section */
		756C9CD01BC93FAB0005DDDE /* Localizable.strings */ = {
			isa = PBXVariantGroup;
			children = (
				756C9CCF1BC93FAB0005DDDE /* en */,
				756C9CD11BC93FAE0005DDDE /* zh-Hans */,
				756C9CDC1BC948C80005DDDE /* Base */,
			);
			name = Localizable.strings;
			sourceTree = "<group>";
		};
		756C9CE31BC9494E0005DDDE /* InfoPlist.strings */ = {
			isa = PBXVariantGroup;
			children = (
				756C9CE21BC9494E0005DDDE /* Base */,
				756C9CE41BC9494F0005DDDE /* en */,
				756C9CE51BC949500005DDDE /* zh-Hans */,
			);
			name = InfoPlist.strings;
			sourceTree = "<group>";
		};
		756E0C801BE5ACE7003CBF50 /* country.plist */ = {
			isa = PBXVariantGroup;
			children = (
				756E0C7F1BE5ACE7003CBF50 /* en */,
				754488511BE5AF2700EA4042 /* zh-Hans */,
			);
			name = country.plist;
			sourceTree = "<group>";
		};
		759C3F1E1BBF702C00BDFCFD /* Main.storyboard */ = {
			isa = PBXVariantGroup;
			children = (
				759C3F1F1BBF702C00BDFCFD /* Base */,
				756C9CCB1BC93F1C0005DDDE /* zh-Hans */,
				756C9CDE1BC949150005DDDE /* en */,
			);
			name = Main.storyboard;
			sourceTree = "<group>";
		};
		75DBD97F1BE50524007269F9 /* SMS_SDKLocalizable.strings */ = {
			isa = PBXVariantGroup;
			children = (
				75DBD9801BE50524007269F9 /* en */,
				75DBD9831BE50524007269F9 /* zh-Hans */,
			);
			name = SMS_SDKLocalizable.strings;
			sourceTree = "<group>";
		};
/* End PBXVariantGroup section */

/* Begin XCBuildConfiguration section */
		759C3F321BBF702C00BDFCFD /* Debug */ = {
			isa = XCBuildConfiguration;
			buildSettings = {
				ALWAYS_SEARCH_USER_PATHS = NO;
				CLANG_CXX_LANGUAGE_STANDARD = "gnu++0x";
				CLANG_CXX_LIBRARY = "libc++";
				CLANG_ENABLE_MODULES = YES;
				CLANG_ENABLE_OBJC_ARC = YES;
				CLANG_WARN_BOOL_CONVERSION = YES;
				CLANG_WARN_CONSTANT_CONVERSION = YES;
				CLANG_WARN_DIRECT_OBJC_ISA_USAGE = YES_ERROR;
				CLANG_WARN_EMPTY_BODY = YES;
				CLANG_WARN_ENUM_CONVERSION = YES;
				CLANG_WARN_INT_CONVERSION = YES;
				CLANG_WARN_OBJC_ROOT_CLASS = YES_ERROR;
				CLANG_WARN_UNREACHABLE_CODE = YES;
				CLANG_WARN__DUPLICATE_METHOD_MATCH = YES;
				"CODE_SIGN_IDENTITY[sdk=iphoneos*]" = "iPhone Developer: MAO LONGDONG (3233LU5S43)";
				COPY_PHASE_STRIP = NO;
				DEBUG_INFORMATION_FORMAT = "dwarf-with-dsym";
				ENABLE_STRICT_OBJC_MSGSEND = YES;
				GCC_C_LANGUAGE_STANDARD = gnu99;
				GCC_DYNAMIC_NO_PIC = NO;
				GCC_NO_COMMON_BLOCKS = YES;
				GCC_OPTIMIZATION_LEVEL = 0;
				GCC_PREPROCESSOR_DEFINITIONS = (
					"DEBUG=1",
					"$(inherited)",
				);
				GCC_SYMBOLS_PRIVATE_EXTERN = NO;
				GCC_WARN_64_TO_32_BIT_CONVERSION = YES;
				GCC_WARN_ABOUT_RETURN_TYPE = YES_ERROR;
				GCC_WARN_UNDECLARED_SELECTOR = YES;
				GCC_WARN_UNINITIALIZED_AUTOS = YES_AGGRESSIVE;
				GCC_WARN_UNUSED_FUNCTION = YES;
				GCC_WARN_UNUSED_VARIABLE = YES;
				IPHONEOS_DEPLOYMENT_TARGET = 8.4;
				MTL_ENABLE_DEBUG_INFO = YES;
				ONLY_ACTIVE_ARCH = YES;
				PROVISIONING_PROFILE = "";
				SDKROOT = iphoneos;
				TARGETED_DEVICE_FAMILY = "1,2";
			};
			name = Debug;
		};
		759C3F331BBF702C00BDFCFD /* Release */ = {
			isa = XCBuildConfiguration;
			buildSettings = {
				ALWAYS_SEARCH_USER_PATHS = NO;
				CLANG_CXX_LANGUAGE_STANDARD = "gnu++0x";
				CLANG_CXX_LIBRARY = "libc++";
				CLANG_ENABLE_MODULES = YES;
				CLANG_ENABLE_OBJC_ARC = YES;
				CLANG_WARN_BOOL_CONVERSION = YES;
				CLANG_WARN_CONSTANT_CONVERSION = YES;
				CLANG_WARN_DIRECT_OBJC_ISA_USAGE = YES_ERROR;
				CLANG_WARN_EMPTY_BODY = YES;
				CLANG_WARN_ENUM_CONVERSION = YES;
				CLANG_WARN_INT_CONVERSION = YES;
				CLANG_WARN_OBJC_ROOT_CLASS = YES_ERROR;
				CLANG_WARN_UNREACHABLE_CODE = YES;
				CLANG_WARN__DUPLICATE_METHOD_MATCH = YES;
				"CODE_SIGN_IDENTITY[sdk=iphoneos*]" = "iPhone Distribution: MAO LONGDONG";
				COPY_PHASE_STRIP = NO;
				DEBUG_INFORMATION_FORMAT = "dwarf-with-dsym";
				ENABLE_NS_ASSERTIONS = NO;
				ENABLE_STRICT_OBJC_MSGSEND = YES;
				GCC_C_LANGUAGE_STANDARD = gnu99;
				GCC_NO_COMMON_BLOCKS = YES;
				GCC_WARN_64_TO_32_BIT_CONVERSION = YES;
				GCC_WARN_ABOUT_RETURN_TYPE = YES_ERROR;
				GCC_WARN_UNDECLARED_SELECTOR = YES;
				GCC_WARN_UNINITIALIZED_AUTOS = YES_AGGRESSIVE;
				GCC_WARN_UNUSED_FUNCTION = YES;
				GCC_WARN_UNUSED_VARIABLE = YES;
				IPHONEOS_DEPLOYMENT_TARGET = 8.4;
				MTL_ENABLE_DEBUG_INFO = NO;
				PROVISIONING_PROFILE = "";
				SDKROOT = iphoneos;
				TARGETED_DEVICE_FAMILY = "1,2";
				VALIDATE_PRODUCT = YES;
			};
			name = Release;
		};
		759C3F351BBF702C00BDFCFD /* Debug */ = {
			isa = XCBuildConfiguration;
			baseConfigurationReference = B02D0DBCC1E15E8A8BC3C74E /* Pods.debug.xcconfig */;
			buildSettings = {
				ASSETCATALOG_COMPILER_APPICON_NAME = AppIcon;
				CODE_SIGN_IDENTITY = "iPhone Developer";
				"CODE_SIGN_IDENTITY[sdk=iphoneos*]" = "iPhone Developer";
				DEVELOPMENT_TEAM = ZL56XNKDD2;
				ENABLE_BITCODE = NO;
				FRAMEWORK_SEARCH_PATHS = (
					"$(inherited)",
					"$(PROJECT_DIR)/Compare/SMS_SDK",
					"$(PROJECT_DIR)/Compare",
					"$(PROJECT_DIR)",
				);
				GCC_PRECOMPILE_PREFIX_HEADER = YES;
				GCC_PREFIX_HEADER = Compare/PrefixHeader.pch;
				INFOPLIST_FILE = Compare/Info.plist;
				IPHONEOS_DEPLOYMENT_TARGET = 8.4;
				LD_RUNPATH_SEARCH_PATHS = "$(inherited) @executable_path/Frameworks";
				PRODUCT_BUNDLE_IDENTIFIER = com.AllenKE.Compare;
				PRODUCT_NAME = "$(TARGET_NAME)";
				PROVISIONING_PROFILE = "";
				PROVISIONING_PROFILE_SPECIFIER = "";
				TARGETED_DEVICE_FAMILY = 1;
			};
			name = Debug;
		};
		759C3F361BBF702C00BDFCFD /* Release */ = {
			isa = XCBuildConfiguration;
			baseConfigurationReference = 6F3223F9A0ECD578F690484E /* Pods.release.xcconfig */;
			buildSettings = {
				ASSETCATALOG_COMPILER_APPICON_NAME = AppIcon;
				CODE_SIGN_IDENTITY = "iPhone Developer";
				"CODE_SIGN_IDENTITY[sdk=iphoneos*]" = "iPhone Developer";
				DEVELOPMENT_TEAM = ZL56XNKDD2;
				ENABLE_BITCODE = NO;
				FRAMEWORK_SEARCH_PATHS = (
					"$(inherited)",
					"$(PROJECT_DIR)/Compare/SMS_SDK",
					"$(PROJECT_DIR)/Compare",
					"$(PROJECT_DIR)",
				);
				GCC_PRECOMPILE_PREFIX_HEADER = YES;
				GCC_PREFIX_HEADER = Compare/PrefixHeader.pch;
				INFOPLIST_FILE = Compare/Info.plist;
				IPHONEOS_DEPLOYMENT_TARGET = 8.4;
				LD_RUNPATH_SEARCH_PATHS = "$(inherited) @executable_path/Frameworks";
				PRODUCT_BUNDLE_IDENTIFIER = com.AllenKE.Compare;
				PRODUCT_NAME = "$(TARGET_NAME)";
				PROVISIONING_PROFILE = "";
				PROVISIONING_PROFILE_SPECIFIER = "";
				TARGETED_DEVICE_FAMILY = 1;
			};
			name = Release;
		};
		759C3F381BBF702C00BDFCFD /* Debug */ = {
			isa = XCBuildConfiguration;
			buildSettings = {
				BUNDLE_LOADER = "$(TEST_HOST)";
				CODE_SIGN_IDENTITY = "iPhone Developer";
				"CODE_SIGN_IDENTITY[sdk=iphoneos*]" = "iPhone Developer";
				FRAMEWORK_SEARCH_PATHS = (
					"$(SDKROOT)/Developer/Library/Frameworks",
					"$(inherited)",
				);
				GCC_PREPROCESSOR_DEFINITIONS = (
					"DEBUG=1",
					"$(inherited)",
				);
				INFOPLIST_FILE = CompareTests/Info.plist;
				LD_RUNPATH_SEARCH_PATHS = "$(inherited) @executable_path/Frameworks @loader_path/Frameworks";
				PRODUCT_NAME = "$(TARGET_NAME)";
				PROVISIONING_PROFILE = "";
				TEST_HOST = "$(BUILT_PRODUCTS_DIR)/Compare.app/Compare";
			};
			name = Debug;
		};
		759C3F391BBF702C00BDFCFD /* Release */ = {
			isa = XCBuildConfiguration;
			buildSettings = {
				BUNDLE_LOADER = "$(TEST_HOST)";
				CODE_SIGN_IDENTITY = "iPhone Developer";
				"CODE_SIGN_IDENTITY[sdk=iphoneos*]" = "iPhone Developer";
				FRAMEWORK_SEARCH_PATHS = (
					"$(SDKROOT)/Developer/Library/Frameworks",
					"$(inherited)",
				);
				INFOPLIST_FILE = CompareTests/Info.plist;
				LD_RUNPATH_SEARCH_PATHS = "$(inherited) @executable_path/Frameworks @loader_path/Frameworks";
				PRODUCT_NAME = "$(TARGET_NAME)";
				PROVISIONING_PROFILE = "";
				TEST_HOST = "$(BUILT_PRODUCTS_DIR)/Compare.app/Compare";
			};
			name = Release;
		};
/* End XCBuildConfiguration section */

/* Begin XCConfigurationList section */
		759C3F0C1BBF702C00BDFCFD /* Build configuration list for PBXProject "Compare" */ = {
			isa = XCConfigurationList;
			buildConfigurations = (
				759C3F321BBF702C00BDFCFD /* Debug */,
				759C3F331BBF702C00BDFCFD /* Release */,
			);
			defaultConfigurationIsVisible = 0;
			defaultConfigurationName = Release;
		};
		759C3F341BBF702C00BDFCFD /* Build configuration list for PBXNativeTarget "Compare" */ = {
			isa = XCConfigurationList;
			buildConfigurations = (
				759C3F351BBF702C00BDFCFD /* Debug */,
				759C3F361BBF702C00BDFCFD /* Release */,
			);
			defaultConfigurationIsVisible = 0;
			defaultConfigurationName = Release;
		};
		759C3F371BBF702C00BDFCFD /* Build configuration list for PBXNativeTarget "CompareTests" */ = {
			isa = XCConfigurationList;
			buildConfigurations = (
				759C3F381BBF702C00BDFCFD /* Debug */,
				759C3F391BBF702C00BDFCFD /* Release */,
			);
			defaultConfigurationIsVisible = 0;
			defaultConfigurationName = Release;
		};
/* End XCConfigurationList section */
	};
	rootObject = 759C3F091BBF702C00BDFCFD /* Project object */;
}
